{
  "version": 4,
  "terraform_version": "1.14.3",
  "serial": 342,
  "lineage": "98443b8f-f2d5-63f3-1bbf-85596379e5f8",
  "outputs": {
    "api_base_url": {
      "value": "https://flc7vqnomd.execute-api.us-east-1.amazonaws.com/dev",
      "type": "string"
    },
    "cognito_app_client_id": {
      "value": "5c60ft5ni9afnsf4eu0pbveqbb",
      "type": "string"
    },
    "cognito_user_pool_id": {
      "value": "us-east-1_mOwL7DdTT",
      "type": "string"
    },
    "rekognition_collection_id": {
      "value": "facial-recognition-secure-dev-faces",
      "type": "string"
    },
    "s3_bucket_name": {
      "value": "facial-recogn-image-bucket",
      "type": "string"
    }
  },
  "resources": [
    {
      "mode": "data",
      "type": "archive_file",
      "name": "enroll_zip",
      "provider": "provider[\"registry.terraform.io/hashicorp/archive\"]",
      "instances": [
        {
          "schema_version": 0,
          "attributes": {
            "exclude_symlink_directories": null,
            "excludes": null,
            "id": "723b7fb1602f21aa8e71bcc14f07f8486b980be2",
            "output_base64sha256": "KX3Kja7RWyuD4WPG0eCe5YUcdrer3QJ9/gHVkre6VkE=",
            "output_base64sha512": "tW4YD0l4JCTpRADAnZmU1R+mZcDzvj9bd8j2Czb9TfZNBp4MXY7GSI4+LMCXiigQUNQaVttWG5yCK7xKNDGsag==",
            "output_file_mode": null,
            "output_md5": "3a9aaf7ed5ba15cf36d15288be10f472",
            "output_path": "./../build/enroll.zip",
            "output_sha": "723b7fb1602f21aa8e71bcc14f07f8486b980be2",
            "output_sha256": "297dca8daed15b2b83e163c6d1e09ee5851c76b7abdd027dfe01d592b7ba5641",
            "output_sha512": "b56e180f49782424e94400c09d9994d51fa665c0f3be3f5b77c8f60b36fd4df64d069e0c5d8ec6488e3e2cc0978a281050d41a56db561b9c822bbc4a3431ac6a",
            "output_size": 3185,
            "source": [],
            "source_content": null,
            "source_content_filename": null,
            "source_dir": "./../lambda",
            "source_file": null,
            "type": "zip"
          },
          "sensitive_attributes": [],
          "identity_schema_version": 0
        }
      ]
    },
    {
      "mode": "data",
      "type": "archive_file",
      "name": "presign_zip",
      "provider": "provider[\"registry.terraform.io/hashicorp/archive\"]",
      "instances": [
        {
          "schema_version": 0,
          "attributes": {
            "exclude_symlink_directories": null,
            "excludes": null,
            "id": "723b7fb1602f21aa8e71bcc14f07f8486b980be2",
            "output_base64sha256": "KX3Kja7RWyuD4WPG0eCe5YUcdrer3QJ9/gHVkre6VkE=",
            "output_base64sha512": "tW4YD0l4JCTpRADAnZmU1R+mZcDzvj9bd8j2Czb9TfZNBp4MXY7GSI4+LMCXiigQUNQaVttWG5yCK7xKNDGsag==",
            "output_file_mode": null,
            "output_md5": "3a9aaf7ed5ba15cf36d15288be10f472",
            "output_path": "./../build/presign.zip",
            "output_sha": "723b7fb1602f21aa8e71bcc14f07f8486b980be2",
            "output_sha256": "297dca8daed15b2b83e163c6d1e09ee5851c76b7abdd027dfe01d592b7ba5641",
            "output_sha512": "b56e180f49782424e94400c09d9994d51fa665c0f3be3f5b77c8f60b36fd4df64d069e0c5d8ec6488e3e2cc0978a281050d41a56db561b9c822bbc4a3431ac6a",
            "output_size": 3185,
            "source": [],
            "source_content": null,
            "source_content_filename": null,
            "source_dir": "./../lambda",
            "source_file": null,
            "type": "zip"
          },
          "sensitive_attributes": [],
          "identity_schema_version": 0
        }
      ]
    },
    {
      "mode": "data",
      "type": "archive_file",
      "name": "verify_zip",
      "provider": "provider[\"registry.terraform.io/hashicorp/archive\"]",
      "instances": [
        {
          "schema_version": 0,
          "attributes": {
            "exclude_symlink_directories": null,
            "excludes": null,
            "id": "723b7fb1602f21aa8e71bcc14f07f8486b980be2",
            "output_base64sha256": "KX3Kja7RWyuD4WPG0eCe5YUcdrer3QJ9/gHVkre6VkE=",
            "output_base64sha512": "tW4YD0l4JCTpRADAnZmU1R+mZcDzvj9bd8j2Czb9TfZNBp4MXY7GSI4+LMCXiigQUNQaVttWG5yCK7xKNDGsag==",
            "output_file_mode": null,
            "output_md5": "3a9aaf7ed5ba15cf36d15288be10f472",
            "output_path": "./../build/verify.zip",
            "output_sha": "723b7fb1602f21aa8e71bcc14f07f8486b980be2",
            "output_sha256": "297dca8daed15b2b83e163c6d1e09ee5851c76b7abdd027dfe01d592b7ba5641",
            "output_sha512": "b56e180f49782424e94400c09d9994d51fa665c0f3be3f5b77c8f60b36fd4df64d069e0c5d8ec6488e3e2cc0978a281050d41a56db561b9c822bbc4a3431ac6a",
            "output_size": 3185,
            "source": [],
            "source_content": null,
            "source_content_filename": null,
            "source_dir": "./../lambda",
            "source_file": null,
            "type": "zip"
          },
          "sensitive_attributes": [],
          "identity_schema_version": 0
        }
      ]
    },
    {
      "mode": "data",
      "type": "aws_iam_policy_document",
      "name": "gate_assume_role",
      "provider": "provider[\"registry.terraform.io/hashicorp/aws\"]",
      "instances": [
        {
          "schema_version": 0,
          "attributes": {
            "id": "849230753",
            "json": "{\n  \"Version\": \"2012-10-17\",\n  \"Statement\": [\n    {\n      \"Effect\": \"Allow\",\n      \"Action\": \"sts:AssumeRoleWithWebIdentity\",\n      \"Principal\": {\n        \"Federated\": \"cognito-identity.amazonaws.com\"\n      },\n      \"Condition\": {\n        \"ForAnyValue:StringLike\": {\n          \"cognito-identity.amazonaws.com:amr\": \"unauthenticated\"\n        },\n        \"StringEquals\": {\n          \"cognito-identity.amazonaws.com:aud\": \"us-east-1:ac8aa147-5313-4259-93eb-d97e6023c036\"\n        }\n      }\n    }\n  ]\n}",
            "minified_json": "{\"Version\":\"2012-10-17\",\"Statement\":[{\"Effect\":\"Allow\",\"Action\":\"sts:AssumeRoleWithWebIdentity\",\"Principal\":{\"Federated\":\"cognito-identity.amazonaws.com\"},\"Condition\":{\"ForAnyValue:StringLike\":{\"cognito-identity.amazonaws.com:amr\":\"unauthenticated\"},\"StringEquals\":{\"cognito-identity.amazonaws.com:aud\":\"us-east-1:ac8aa147-5313-4259-93eb-d97e6023c036\"}}}]}",
            "override_json": null,
            "override_policy_documents": null,
            "policy_id": null,
            "source_json": null,
            "source_policy_documents": null,
            "statement": [
              {
                "actions": [
                  "sts:AssumeRoleWithWebIdentity"
                ],
                "condition": [
                  {
                    "test": "ForAnyValue:StringLike",
                    "values": [
                      "unauthenticated"
                    ],
                    "variable": "cognito-identity.amazonaws.com:amr"
                  },
                  {
                    "test": "StringEquals",
                    "values": [
                      "us-east-1:ac8aa147-5313-4259-93eb-d97e6023c036"
                    ],
                    "variable": "cognito-identity.amazonaws.com:aud"
                  }
                ],
                "effect": "Allow",
                "not_actions": [],
                "not_principals": [],
                "not_resources": [],
                "principals": [
                  {
                    "identifiers": [
                      "cognito-identity.amazonaws.com"
                    ],
                    "type": "Federated"
                  }
                ],
                "resources": [],
                "sid": ""
              }
            ],
            "version": "2012-10-17"
          },
          "sensitive_attributes": [],
          "identity_schema_version": 0
        }
      ]
    },
    {
      "mode": "data",
      "type": "aws_iam_policy_document",
      "name": "gate_policy",
      "provider": "provider[\"registry.terraform.io/hashicorp/aws\"]",
      "instances": [
        {
          "schema_version": 0,
          "attributes": {
            "id": "1235217695",
            "json": "{\n  \"Version\": \"2012-10-17\",\n  \"Statement\": [\n    {\n      \"Effect\": \"Allow\",\n      \"Action\": \"execute-api:Invoke\",\n      \"Resource\": \"arn:aws:execute-api:us-east-1:904233132254:flc7vqnomd/*/POST/verify\"\n    }\n  ]\n}",
            "minified_json": "{\"Version\":\"2012-10-17\",\"Statement\":[{\"Effect\":\"Allow\",\"Action\":\"execute-api:Invoke\",\"Resource\":\"arn:aws:execute-api:us-east-1:904233132254:flc7vqnomd/*/POST/verify\"}]}",
            "override_json": null,
            "override_policy_documents": null,
            "policy_id": null,
            "source_json": null,
            "source_policy_documents": null,
            "statement": [
              {
                "actions": [
                  "execute-api:Invoke"
                ],
                "condition": [],
                "effect": "Allow",
                "not_actions": [],
                "not_principals": [],
                "not_resources": [],
                "principals": [],
                "resources": [
                  "arn:aws:execute-api:us-east-1:904233132254:flc7vqnomd/*/POST/verify"
                ],
                "sid": ""
              }
            ],
            "version": "2012-10-17"
          },
          "sensitive_attributes": [],
          "identity_schema_version": 0
        }
      ]
    },
    {
      "mode": "data",
      "type": "aws_iam_policy_document",
      "name": "lambda_assume",
      "provider": "provider[\"registry.terraform.io/hashicorp/aws\"]",
      "instances": [
        {
          "schema_version": 0,
          "attributes": {
            "id": "2690255455",
            "json": "{\n  \"Version\": \"2012-10-17\",\n  \"Statement\": [\n    {\n      \"Effect\": \"Allow\",\n      \"Action\": \"sts:AssumeRole\",\n      \"Principal\": {\n        \"Service\": \"lambda.amazonaws.com\"\n      }\n    }\n  ]\n}",
            "minified_json": "{\"Version\":\"2012-10-17\",\"Statement\":[{\"Effect\":\"Allow\",\"Action\":\"sts:AssumeRole\",\"Principal\":{\"Service\":\"lambda.amazonaws.com\"}}]}",
            "override_json": null,
            "override_policy_documents": null,
            "policy_id": null,
            "source_json": null,
            "source_policy_documents": null,
            "statement": [
              {
                "actions": [
                  "sts:AssumeRole"
                ],
                "condition": [],
                "effect": "Allow",
                "not_actions": [],
                "not_principals": [],
                "not_resources": [],
                "principals": [
                  {
                    "identifiers": [
                      "lambda.amazonaws.com"
                    ],
                    "type": "Service"
                  }
                ],
                "resources": [],
                "sid": ""
              }
            ],
            "version": "2012-10-17"
          },
          "sensitive_attributes": [],
          "identity_schema_version": 0
        }
      ]
    },
    {
      "mode": "data",
      "type": "aws_iam_policy_document",
      "name": "lambda_policy",
      "provider": "provider[\"registry.terraform.io/hashicorp/aws\"]",
      "instances": [
        {
          "schema_version": 0,
          "attributes": {
            "id": "4027127717",
            "json": "{\n  \"Version\": \"2012-10-17\",\n  \"Statement\": [\n    {\n      \"Effect\": \"Allow\",\n      \"Action\": \"s3:GetObject\",\n      \"Resource\": [\n        \"arn:aws:s3:::facial-recogn-image-bucket/verify/*\",\n        \"arn:aws:s3:::facial-recogn-image-bucket/enroll/*\"\n      ]\n    },\n    {\n      \"Effect\": \"Allow\",\n      \"Action\": \"dynamodb:PutItem\",\n      \"Resource\": \"arn:aws:dynamodb:us-east-1:904233132254:table/facial-recognition-secure-dev-auth-events\"\n    },\n    {\n      \"Effect\": \"Allow\",\n      \"Action\": [\n        \"rekognition:SearchFacesByImage\",\n        \"rekognition:IndexFaces\",\n        \"rekognition:DetectFaces\"\n      ],\n      \"Resource\": \"*\"\n    },\n    {\n      \"Effect\": \"Allow\",\n      \"Action\": [\n        \"kms:GenerateDataKey\",\n        \"kms:Encrypt\",\n        \"kms:Decrypt\"\n      ],\n      \"Resource\": \"arn:aws:kms:us-east-1:904233132254:key/e95a9f02-c11e-4f0e-ac6b-b26d6f679821\"\n    },\n    {\n      \"Effect\": \"Allow\",\n      \"Action\": \"s3:PutObject\",\n      \"Resource\": [\n        \"arn:aws:s3:::facial-recogn-image-bucket/verify/*\",\n        \"arn:aws:s3:::facial-recogn-image-bucket/enroll/*\"\n      ]\n    }\n  ]\n}",
            "minified_json": "{\"Version\":\"2012-10-17\",\"Statement\":[{\"Effect\":\"Allow\",\"Action\":\"s3:GetObject\",\"Resource\":[\"arn:aws:s3:::facial-recogn-image-bucket/verify/*\",\"arn:aws:s3:::facial-recogn-image-bucket/enroll/*\"]},{\"Effect\":\"Allow\",\"Action\":\"dynamodb:PutItem\",\"Resource\":\"arn:aws:dynamodb:us-east-1:904233132254:table/facial-recognition-secure-dev-auth-events\"},{\"Effect\":\"Allow\",\"Action\":[\"rekognition:SearchFacesByImage\",\"rekognition:IndexFaces\",\"rekognition:DetectFaces\"],\"Resource\":\"*\"},{\"Effect\":\"Allow\",\"Action\":[\"kms:GenerateDataKey\",\"kms:Encrypt\",\"kms:Decrypt\"],\"Resource\":\"arn:aws:kms:us-east-1:904233132254:key/e95a9f02-c11e-4f0e-ac6b-b26d6f679821\"},{\"Effect\":\"Allow\",\"Action\":\"s3:PutObject\",\"Resource\":[\"arn:aws:s3:::facial-recogn-image-bucket/verify/*\",\"arn:aws:s3:::facial-recogn-image-bucket/enroll/*\"]}]}",
            "override_json": null,
            "override_policy_documents": null,
            "policy_id": null,
            "source_json": null,
            "source_policy_documents": null,
            "statement": [
              {
                "actions": [
                  "s3:GetObject"
                ],
                "condition": [],
                "effect": "Allow",
                "not_actions": [],
                "not_principals": [],
                "not_resources": [],
                "principals": [],
                "resources": [
                  "arn:aws:s3:::facial-recogn-image-bucket/enroll/*",
                  "arn:aws:s3:::facial-recogn-image-bucket/verify/*"
                ],
                "sid": ""
              },
              {
                "actions": [
                  "dynamodb:PutItem"
                ],
                "condition": [],
                "effect": "Allow",
                "not_actions": [],
                "not_principals": [],
                "not_resources": [],
                "principals": [],
                "resources": [
                  "arn:aws:dynamodb:us-east-1:904233132254:table/facial-recognition-secure-dev-auth-events"
                ],
                "sid": ""
              },
              {
                "actions": [
                  "rekognition:DetectFaces",
                  "rekognition:IndexFaces",
                  "rekognition:SearchFacesByImage"
                ],
                "condition": [],
                "effect": "Allow",
                "not_actions": [],
                "not_principals": [],
                "not_resources": [],
                "principals": [],
                "resources": [
                  "*"
                ],
                "sid": ""
              },
              {
                "actions": [
                  "kms:Decrypt",
                  "kms:Encrypt",
                  "kms:GenerateDataKey"
                ],
                "condition": [],
                "effect": "Allow",
                "not_actions": [],
                "not_principals": [],
                "not_resources": [],
                "principals": [],
                "resources": [
                  "arn:aws:kms:us-east-1:904233132254:key/e95a9f02-c11e-4f0e-ac6b-b26d6f679821"
                ],
                "sid": ""
              },
              {
                "actions": [
                  "s3:PutObject"
                ],
                "condition": [],
                "effect": "Allow",
                "not_actions": [],
                "not_principals": [],
                "not_resources": [],
                "principals": [],
                "resources": [
                  "arn:aws:s3:::facial-recogn-image-bucket/enroll/*",
                  "arn:aws:s3:::facial-recogn-image-bucket/verify/*"
                ],
                "sid": ""
              }
            ],
            "version": "2012-10-17"
          },
          "sensitive_attributes": [],
          "identity_schema_version": 0
        }
      ]
    },
    {
      "mode": "managed",
      "type": "aws_api_gateway_authorizer",
      "name": "cognito",
      "provider": "provider[\"registry.terraform.io/hashicorp/aws\"]",
      "instances": [
        {
          "schema_version": 0,
          "attributes": {
            "arn": "arn:aws:apigateway:us-east-1::/restapis/flc7vqnomd/authorizers/m7jhk5",
            "authorizer_credentials": "",
            "authorizer_result_ttl_in_seconds": 300,
            "authorizer_uri": "",
            "id": "m7jhk5",
            "identity_source": "method.request.header.Authorization",
            "identity_validation_expression": "",
            "name": "facial-recognition-secure-dev-cognito-auth",
            "provider_arns": [
              "arn:aws:cognito-idp:us-east-1:904233132254:userpool/us-east-1_mOwL7DdTT"
            ],
            "region": "us-east-1",
            "rest_api_id": "flc7vqnomd",
            "type": "COGNITO_USER_POOLS"
          },
          "sensitive_attributes": [],
          "identity_schema_version": 0,
          "private": "bnVsbA==",
          "dependencies": [
            "aws_api_gateway_rest_api.api",
            "aws_cognito_user_pool.pool"
          ]
        }
      ]
    },
    {
      "mode": "managed",
      "type": "aws_api_gateway_deployment",
      "name": "deploy",
      "provider": "provider[\"registry.terraform.io/hashicorp/aws\"]",
      "instances": [
        {
          "schema_version": 0,
          "attributes": {
            "created_date": "2025-12-27T13:05:20Z",
            "description": "",
            "id": "3s01eo",
            "region": "us-east-1",
            "rest_api_id": "flc7vqnomd",
            "triggers": {
              "redeploy": "1719ed25b2070a71a07b6768fa6e6feadfe6494a"
            },
            "variables": null
          },
          "sensitive_attributes": [],
          "identity_schema_version": 0,
          "private": "bnVsbA==",
          "dependencies": [
            "aws_api_gateway_authorizer.cognito",
            "aws_api_gateway_integration.enroll_integration",
            "aws_api_gateway_integration.presign_integration",
            "aws_api_gateway_integration.verify_integration",
            "aws_api_gateway_method.enroll_post",
            "aws_api_gateway_method.presign_post",
            "aws_api_gateway_method.verify_post",
            "aws_api_gateway_resource.enroll",
            "aws_api_gateway_resource.presign",
            "aws_api_gateway_resource.verify",
            "aws_api_gateway_rest_api.api",
            "aws_cognito_user_pool.pool",
            "aws_dynamodb_table.auth_events",
            "aws_iam_role.lambda_role",
            "aws_kms_key.data_key",
            "aws_lambda_function.enroll",
            "aws_lambda_function.presign",
            "aws_lambda_function.verify",
            "aws_rekognition_collection.faces",
            "aws_s3_bucket.images",
            "data.archive_file.enroll_zip",
            "data.archive_file.presign_zip",
            "data.archive_file.verify_zip",
            "data.aws_iam_policy_document.lambda_assume"
          ]
        }
      ]
    },
    {
      "mode": "managed",
      "type": "aws_api_gateway_deployment",
      "name": "gate_deploy",
      "provider": "provider[\"registry.terraform.io/hashicorp/aws\"]",
      "instances": [
        {
          "schema_version": 0,
          "attributes": {
            "created_date": "2025-12-31T11:56:00Z",
            "description": "",
            "id": "veymny",
            "region": "us-east-1",
            "rest_api_id": "i2pyjz4fm2",
            "triggers": {
              "redeploy": "9106b63953f692ad7a177cd3b85dee52fe6340dd"
            },
            "variables": null
          },
          "sensitive_attributes": [],
          "identity_schema_version": 0,
          "private": "bnVsbA==",
          "dependencies": [
            "aws_api_gateway_integration.gate_presign_integration",
            "aws_api_gateway_integration.gate_verify_integration",
            "aws_api_gateway_method.gate_presign_post",
            "aws_api_gateway_method.gate_verify_post",
            "aws_api_gateway_resource.gate_presign",
            "aws_api_gateway_resource.gate_verify",
            "aws_api_gateway_rest_api.gate_api",
            "aws_dynamodb_table.auth_events",
            "aws_iam_role.lambda_role",
            "aws_kms_key.data_key",
            "aws_lambda_function.presign",
            "aws_lambda_function.verify",
            "aws_rekognition_collection.faces",
            "aws_s3_bucket.images",
            "data.archive_file.presign_zip",
            "data.archive_file.verify_zip",
            "data.aws_iam_policy_document.lambda_assume"
          ]
        }
      ]
    },
    {
      "mode": "managed",
      "type": "aws_api_gateway_integration",
      "name": "enroll_integration",
      "provider": "provider[\"registry.terraform.io/hashicorp/aws\"]",
      "instances": [
        {
          "schema_version": 0,
          "attributes": {
            "cache_key_parameters": [],
            "cache_namespace": "3itgxw",
            "connection_id": "",
            "connection_type": "INTERNET",
            "content_handling": "",
            "credentials": "",
            "http_method": "POST",
            "id": "agi-flc7vqnomd-3itgxw-POST",
            "integration_http_method": "POST",
            "integration_target": "",
            "passthrough_behavior": "WHEN_NO_MATCH",
            "region": "us-east-1",
            "request_parameters": {},
            "request_templates": {},
            "resource_id": "3itgxw",
            "response_transfer_mode": "BUFFERED",
            "rest_api_id": "flc7vqnomd",
            "timeout_milliseconds": 29000,
            "tls_config": [],
            "type": "AWS_PROXY",
            "uri": "arn:aws:apigateway:us-east-1:lambda:path/2015-03-31/functions/arn:aws:lambda:us-east-1:904233132254:function:facial-recognition-secure-dev-enroll/invocations"
          },
          "sensitive_attributes": [],
          "identity_schema_version": 0,
          "private": "bnVsbA==",
          "dependencies": [
            "aws_api_gateway_authorizer.cognito",
            "aws_api_gateway_method.enroll_post",
            "aws_api_gateway_resource.enroll",
            "aws_api_gateway_rest_api.api",
            "aws_cognito_user_pool.pool",
            "aws_dynamodb_table.auth_events",
            "aws_iam_role.lambda_role",
            "aws_kms_key.data_key",
            "aws_lambda_function.enroll",
            "aws_rekognition_collection.faces",
            "aws_s3_bucket.images",
            "data.archive_file.enroll_zip",
            "data.aws_iam_policy_document.lambda_assume"
          ]
        }
      ]
    },
    {
      "mode": "managed",
      "type": "aws_api_gateway_integration",
      "name": "gate_presign_integration",
      "provider": "provider[\"registry.terraform.io/hashicorp/aws\"]",
      "instances": [
        {
          "schema_version": 0,
          "attributes": {
            "cache_key_parameters": [],
            "cache_namespace": "2a3fm6",
            "connection_id": "",
            "connection_type": "INTERNET",
            "content_handling": "",
            "credentials": "",
            "http_method": "POST",
            "id": "agi-i2pyjz4fm2-2a3fm6-POST",
            "integration_http_method": "POST",
            "integration_target": "",
            "passthrough_behavior": "WHEN_NO_MATCH",
            "region": "us-east-1",
            "request_parameters": {},
            "request_templates": {},
            "resource_id": "2a3fm6",
            "response_transfer_mode": "BUFFERED",
            "rest_api_id": "i2pyjz4fm2",
            "timeout_milliseconds": 29000,
            "tls_config": [],
            "type": "AWS_PROXY",
            "uri": "arn:aws:apigateway:us-east-1:lambda:path/2015-03-31/functions/arn:aws:lambda:us-east-1:904233132254:function:facial-recognition-secure-dev-presign-upload/invocations"
          },
          "sensitive_attributes": [],
          "identity_schema_version": 0,
          "private": "bnVsbA==",
          "dependencies": [
            "aws_api_gateway_method.gate_presign_post",
            "aws_api_gateway_resource.gate_presign",
            "aws_api_gateway_rest_api.gate_api",
            "aws_iam_role.lambda_role",
            "aws_kms_key.data_key",
            "aws_lambda_function.presign",
            "aws_s3_bucket.images",
            "data.archive_file.presign_zip",
            "data.aws_iam_policy_document.lambda_assume"
          ]
        }
      ]
    },
    {
      "mode": "managed",
      "type": "aws_api_gateway_integration",
      "name": "gate_presign_options_integration",
      "provider": "provider[\"registry.terraform.io/hashicorp/aws\"]",
      "instances": [
        {
          "schema_version": 0,
          "attributes": {
            "cache_key_parameters": [],
            "cache_namespace": "2a3fm6",
            "connection_id": "",
            "connection_type": "INTERNET",
            "content_handling": "",
            "credentials": "",
            "http_method": "OPTIONS",
            "id": "agi-i2pyjz4fm2-2a3fm6-OPTIONS",
            "integration_http_method": "",
            "integration_target": "",
            "passthrough_behavior": "WHEN_NO_MATCH",
            "region": "us-east-1",
            "request_parameters": {},
            "request_templates": {
              "application/json": "{\"statusCode\": 200}"
            },
            "resource_id": "2a3fm6",
            "response_transfer_mode": "BUFFERED",
            "rest_api_id": "i2pyjz4fm2",
            "timeout_milliseconds": 29000,
            "tls_config": [],
            "type": "MOCK",
            "uri": ""
          },
          "sensitive_attributes": [],
          "identity_schema_version": 0,
          "private": "bnVsbA==",
          "dependencies": [
            "aws_api_gateway_method.gate_presign_options",
            "aws_api_gateway_resource.gate_presign",
            "aws_api_gateway_rest_api.gate_api"
          ]
        }
      ]
    },
    {
      "mode": "managed",
      "type": "aws_api_gateway_integration",
      "name": "gate_verify_integration",
      "provider": "provider[\"registry.terraform.io/hashicorp/aws\"]",
      "instances": [
        {
          "schema_version": 0,
          "attributes": {
            "cache_key_parameters": [],
            "cache_namespace": "gstwil",
            "connection_id": "",
            "connection_type": "INTERNET",
            "content_handling": "",
            "credentials": "",
            "http_method": "POST",
            "id": "agi-i2pyjz4fm2-gstwil-POST",
            "integration_http_method": "POST",
            "integration_target": "",
            "passthrough_behavior": "WHEN_NO_MATCH",
            "region": "us-east-1",
            "request_parameters": {},
            "request_templates": {},
            "resource_id": "gstwil",
            "response_transfer_mode": "BUFFERED",
            "rest_api_id": "i2pyjz4fm2",
            "timeout_milliseconds": 29000,
            "tls_config": [],
            "type": "AWS_PROXY",
            "uri": "arn:aws:apigateway:us-east-1:lambda:path/2015-03-31/functions/arn:aws:lambda:us-east-1:904233132254:function:facial-recognition-secure-dev-verify/invocations"
          },
          "sensitive_attributes": [],
          "identity_schema_version": 0,
          "private": "bnVsbA==",
          "dependencies": [
            "aws_api_gateway_method.gate_verify_post",
            "aws_api_gateway_resource.gate_verify",
            "aws_api_gateway_rest_api.gate_api",
            "aws_dynamodb_table.auth_events",
            "aws_iam_role.lambda_role",
            "aws_kms_key.data_key",
            "aws_lambda_function.verify",
            "aws_rekognition_collection.faces",
            "aws_s3_bucket.images",
            "data.archive_file.verify_zip",
            "data.aws_iam_policy_document.lambda_assume"
          ]
        }
      ]
    },
    {
      "mode": "managed",
      "type": "aws_api_gateway_integration",
      "name": "gate_verify_options_integration",
      "provider": "provider[\"registry.terraform.io/hashicorp/aws\"]",
      "instances": [
        {
          "schema_version": 0,
          "attributes": {
            "cache_key_parameters": [],
            "cache_namespace": "gstwil",
            "connection_id": "",
            "connection_type": "INTERNET",
            "content_handling": "",
            "credentials": "",
            "http_method": "OPTIONS",
            "id": "agi-i2pyjz4fm2-gstwil-OPTIONS",
            "integration_http_method": "",
            "integration_target": "",
            "passthrough_behavior": "WHEN_NO_MATCH",
            "region": "us-east-1",
            "request_parameters": {},
            "request_templates": {
              "application/json": "{\"statusCode\": 200}"
            },
            "resource_id": "gstwil",
            "response_transfer_mode": "BUFFERED",
            "rest_api_id": "i2pyjz4fm2",
            "timeout_milliseconds": 29000,
            "tls_config": [],
            "type": "MOCK",
            "uri": ""
          },
          "sensitive_attributes": [],
          "identity_schema_version": 0,
          "private": "bnVsbA==",
          "dependencies": [
            "aws_api_gateway_method.gate_verify_options",
            "aws_api_gateway_resource.gate_verify",
            "aws_api_gateway_rest_api.gate_api"
          ]
        }
      ]
    },
    {
      "mode": "managed",
      "type": "aws_api_gateway_integration",
      "name": "presign_integration",
      "provider": "provider[\"registry.terraform.io/hashicorp/aws\"]",
      "instances": [
        {
          "schema_version": 0,
          "attributes": {
            "cache_key_parameters": [],
            "cache_namespace": "c7rw4s",
            "connection_id": "",
            "connection_type": "INTERNET",
            "content_handling": "",
            "credentials": "",
            "http_method": "POST",
            "id": "agi-flc7vqnomd-c7rw4s-POST",
            "integration_http_method": "POST",
            "integration_target": "",
            "passthrough_behavior": "WHEN_NO_MATCH",
            "region": "us-east-1",
            "request_parameters": {},
            "request_templates": {},
            "resource_id": "c7rw4s",
            "response_transfer_mode": "BUFFERED",
            "rest_api_id": "flc7vqnomd",
            "timeout_milliseconds": 29000,
            "tls_config": [],
            "type": "AWS_PROXY",
            "uri": "arn:aws:apigateway:us-east-1:lambda:path/2015-03-31/functions/arn:aws:lambda:us-east-1:904233132254:function:facial-recognition-secure-dev-presign-upload/invocations"
          },
          "sensitive_attributes": [],
          "identity_schema_version": 0,
          "private": "bnVsbA==",
          "dependencies": [
            "aws_api_gateway_authorizer.cognito",
            "aws_api_gateway_method.presign_post",
            "aws_api_gateway_resource.presign",
            "aws_api_gateway_rest_api.api",
            "aws_cognito_user_pool.pool",
            "aws_iam_role.lambda_role",
            "aws_kms_key.data_key",
            "aws_lambda_function.presign",
            "aws_s3_bucket.images",
            "data.archive_file.presign_zip",
            "data.aws_iam_policy_document.lambda_assume"
          ]
        }
      ]
    },
    {
      "mode": "managed",
      "type": "aws_api_gateway_integration",
      "name": "verify_integration",
      "provider": "provider[\"registry.terraform.io/hashicorp/aws\"]",
      "instances": [
        {
          "schema_version": 0,
          "attributes": {
            "cache_key_parameters": [],
            "cache_namespace": "24p7dt",
            "connection_id": "",
            "connection_type": "INTERNET",
            "content_handling": "",
            "credentials": "",
            "http_method": "POST",
            "id": "agi-flc7vqnomd-24p7dt-POST",
            "integration_http_method": "POST",
            "integration_target": "",
            "passthrough_behavior": "WHEN_NO_MATCH",
            "region": "us-east-1",
            "request_parameters": {},
            "request_templates": {},
            "resource_id": "24p7dt",
            "response_transfer_mode": "BUFFERED",
            "rest_api_id": "flc7vqnomd",
            "timeout_milliseconds": 29000,
            "tls_config": [],
            "type": "AWS_PROXY",
            "uri": "arn:aws:apigateway:us-east-1:lambda:path/2015-03-31/functions/arn:aws:lambda:us-east-1:904233132254:function:facial-recognition-secure-dev-verify/invocations"
          },
          "sensitive_attributes": [],
          "identity_schema_version": 0,
          "private": "bnVsbA==",
          "dependencies": [
            "aws_api_gateway_method.verify_post",
            "aws_api_gateway_resource.verify",
            "aws_api_gateway_rest_api.api",
            "aws_dynamodb_table.auth_events",
            "aws_iam_role.lambda_role",
            "aws_kms_key.data_key",
            "aws_lambda_function.verify",
            "aws_rekognition_collection.faces",
            "aws_s3_bucket.images",
            "data.archive_file.verify_zip",
            "data.aws_iam_policy_document.lambda_assume"
          ]
        }
      ]
    },
    {
      "mode": "managed",
      "type": "aws_api_gateway_integration_response",
      "name": "gate_presign_options_integration_response",
      "provider": "provider[\"registry.terraform.io/hashicorp/aws\"]",
      "instances": [
        {
          "schema_version": 0,
          "attributes": {
            "content_handling": "",
            "http_method": "OPTIONS",
            "id": "agir-i2pyjz4fm2-2a3fm6-OPTIONS-200",
            "region": "us-east-1",
            "resource_id": "2a3fm6",
            "response_parameters": {
              "method.response.header.Access-Control-Allow-Headers": "'Content-Type'",
              "method.response.header.Access-Control-Allow-Methods": "'OPTIONS,POST'",
              "method.response.header.Access-Control-Allow-Origin": "'*'"
            },
            "response_templates": {},
            "rest_api_id": "i2pyjz4fm2",
            "selection_pattern": "",
            "status_code": "200"
          },
          "sensitive_attributes": [],
          "identity_schema_version": 0,
          "private": "bnVsbA==",
          "dependencies": [
            "aws_api_gateway_method.gate_presign_options",
            "aws_api_gateway_method_response.gate_presign_options_response",
            "aws_api_gateway_resource.gate_presign",
            "aws_api_gateway_rest_api.gate_api"
          ]
        }
      ]
    },
    {
      "mode": "managed",
      "type": "aws_api_gateway_integration_response",
      "name": "gate_verify_options_integration_response",
      "provider": "provider[\"registry.terraform.io/hashicorp/aws\"]",
      "instances": [
        {
          "schema_version": 0,
          "attributes": {
            "content_handling": "",
            "http_method": "OPTIONS",
            "id": "agir-i2pyjz4fm2-gstwil-OPTIONS-200",
            "region": "us-east-1",
            "resource_id": "gstwil",
            "response_parameters": {
              "method.response.header.Access-Control-Allow-Headers": "'Content-Type'",
              "method.response.header.Access-Control-Allow-Methods": "'OPTIONS,POST'",
              "method.response.header.Access-Control-Allow-Origin": "'*'"
            },
            "response_templates": {},
            "rest_api_id": "i2pyjz4fm2",
            "selection_pattern": "",
            "status_code": "200"
          },
          "sensitive_attributes": [],
          "identity_schema_version": 0,
          "private": "bnVsbA==",
          "dependencies": [
            "aws_api_gateway_method.gate_verify_options",
            "aws_api_gateway_method_response.gate_verify_options_response",
            "aws_api_gateway_resource.gate_verify",
            "aws_api_gateway_rest_api.gate_api"
          ]
        }
      ]
    },
    {
      "mode": "managed",
      "type": "aws_api_gateway_method",
      "name": "enroll_post",
      "provider": "provider[\"registry.terraform.io/hashicorp/aws\"]",
      "instances": [
        {
          "schema_version": 0,
          "attributes": {
            "api_key_required": false,
            "authorization": "COGNITO_USER_POOLS",
            "authorization_scopes": [],
            "authorizer_id": "m7jhk5",
            "http_method": "POST",
            "id": "agm-flc7vqnomd-3itgxw-POST",
            "operation_name": "",
            "region": "us-east-1",
            "request_models": {},
            "request_parameters": {},
            "request_validator_id": "",
            "resource_id": "3itgxw",
            "rest_api_id": "flc7vqnomd"
          },
          "sensitive_attributes": [],
          "identity_schema_version": 0,
          "private": "bnVsbA==",
          "dependencies": [
            "aws_api_gateway_authorizer.cognito",
            "aws_api_gateway_resource.enroll",
            "aws_api_gateway_rest_api.api",
            "aws_cognito_user_pool.pool"
          ]
        }
      ]
    },
    {
      "mode": "managed",
      "type": "aws_api_gateway_method",
      "name": "gate_presign_options",
      "provider": "provider[\"registry.terraform.io/hashicorp/aws\"]",
      "instances": [
        {
          "schema_version": 0,
          "attributes": {
            "api_key_required": false,
            "authorization": "NONE",
            "authorization_scopes": [],
            "authorizer_id": "",
            "http_method": "OPTIONS",
            "id": "agm-i2pyjz4fm2-2a3fm6-OPTIONS",
            "operation_name": "",
            "region": "us-east-1",
            "request_models": {},
            "request_parameters": {},
            "request_validator_id": "",
            "resource_id": "2a3fm6",
            "rest_api_id": "i2pyjz4fm2"
          },
          "sensitive_attributes": [],
          "identity_schema_version": 0,
          "private": "bnVsbA==",
          "dependencies": [
            "aws_api_gateway_resource.gate_presign",
            "aws_api_gateway_rest_api.gate_api"
          ]
        }
      ]
    },
    {
      "mode": "managed",
      "type": "aws_api_gateway_method",
      "name": "gate_presign_post",
      "provider": "provider[\"registry.terraform.io/hashicorp/aws\"]",
      "instances": [
        {
          "schema_version": 0,
          "attributes": {
            "api_key_required": false,
            "authorization": "NONE",
            "authorization_scopes": [],
            "authorizer_id": "",
            "http_method": "POST",
            "id": "agm-i2pyjz4fm2-2a3fm6-POST",
            "operation_name": "",
            "region": "us-east-1",
            "request_models": {},
            "request_parameters": {},
            "request_validator_id": "",
            "resource_id": "2a3fm6",
            "rest_api_id": "i2pyjz4fm2"
          },
          "sensitive_attributes": [],
          "identity_schema_version": 0,
          "private": "bnVsbA==",
          "dependencies": [
            "aws_api_gateway_resource.gate_presign",
            "aws_api_gateway_rest_api.gate_api"
          ]
        }
      ]
    },
    {
      "mode": "managed",
      "type": "aws_api_gateway_method",
      "name": "gate_verify_options",
      "provider": "provider[\"registry.terraform.io/hashicorp/aws\"]",
      "instances": [
        {
          "schema_version": 0,
          "attributes": {
            "api_key_required": false,
            "authorization": "NONE",
            "authorization_scopes": [],
            "authorizer_id": "",
            "http_method": "OPTIONS",
            "id": "agm-i2pyjz4fm2-gstwil-OPTIONS",
            "operation_name": "",
            "region": "us-east-1",
            "request_models": {},
            "request_parameters": {},
            "request_validator_id": "",
            "resource_id": "gstwil",
            "rest_api_id": "i2pyjz4fm2"
          },
          "sensitive_attributes": [],
          "identity_schema_version": 0,
          "private": "bnVsbA==",
          "dependencies": [
            "aws_api_gateway_resource.gate_verify",
            "aws_api_gateway_rest_api.gate_api"
          ]
        }
      ]
    },
    {
      "mode": "managed",
      "type": "aws_api_gateway_method",
      "name": "gate_verify_post",
      "provider": "provider[\"registry.terraform.io/hashicorp/aws\"]",
      "instances": [
        {
          "schema_version": 0,
          "attributes": {
            "api_key_required": false,
            "authorization": "NONE",
            "authorization_scopes": [],
            "authorizer_id": "",
            "http_method": "POST",
            "id": "agm-i2pyjz4fm2-gstwil-POST",
            "operation_name": "",
            "region": "us-east-1",
            "request_models": {},
            "request_parameters": {},
            "request_validator_id": "",
            "resource_id": "gstwil",
            "rest_api_id": "i2pyjz4fm2"
          },
          "sensitive_attributes": [],
          "identity_schema_version": 0,
          "private": "bnVsbA==",
          "dependencies": [
            "aws_api_gateway_resource.gate_verify",
            "aws_api_gateway_rest_api.gate_api"
          ]
        }
      ]
    },
    {
      "mode": "managed",
      "type": "aws_api_gateway_method",
      "name": "presign_post",
      "provider": "provider[\"registry.terraform.io/hashicorp/aws\"]",
      "instances": [
        {
          "schema_version": 0,
          "attributes": {
            "api_key_required": false,
            "authorization": "COGNITO_USER_POOLS",
            "authorization_scopes": [],
            "authorizer_id": "m7jhk5",
            "http_method": "POST",
            "id": "agm-flc7vqnomd-c7rw4s-POST",
            "operation_name": "",
            "region": "us-east-1",
            "request_models": {},
            "request_parameters": {},
            "request_validator_id": "",
            "resource_id": "c7rw4s",
            "rest_api_id": "flc7vqnomd"
          },
          "sensitive_attributes": [],
          "identity_schema_version": 0,
          "private": "bnVsbA==",
          "dependencies": [
            "aws_api_gateway_authorizer.cognito",
            "aws_api_gateway_resource.presign",
            "aws_api_gateway_rest_api.api",
            "aws_cognito_user_pool.pool"
          ]
        }
      ]
    },
    {
      "mode": "managed",
      "type": "aws_api_gateway_method",
      "name": "verify_post",
      "provider": "provider[\"registry.terraform.io/hashicorp/aws\"]",
      "instances": [
        {
          "schema_version": 0,
          "attributes": {
            "api_key_required": false,
            "authorization": "AWS_IAM",
            "authorization_scopes": [],
            "authorizer_id": "",
            "http_method": "POST",
            "id": "agm-flc7vqnomd-24p7dt-POST",
            "operation_name": "",
            "region": "us-east-1",
            "request_models": {},
            "request_parameters": {},
            "request_validator_id": "",
            "resource_id": "24p7dt",
            "rest_api_id": "flc7vqnomd"
          },
          "sensitive_attributes": [],
          "identity_schema_version": 0,
          "private": "bnVsbA==",
          "dependencies": [
            "aws_api_gateway_resource.verify",
            "aws_api_gateway_rest_api.api"
          ]
        }
      ]
    },
    {
      "mode": "managed",
      "type": "aws_api_gateway_method_response",
      "name": "gate_presign_options_response",
      "provider": "provider[\"registry.terraform.io/hashicorp/aws\"]",
      "instances": [
        {
          "schema_version": 0,
          "attributes": {
            "http_method": "OPTIONS",
            "id": "agmr-i2pyjz4fm2-2a3fm6-OPTIONS-200",
            "region": "us-east-1",
            "resource_id": "2a3fm6",
            "response_models": {},
            "response_parameters": {
              "method.response.header.Access-Control-Allow-Headers": true,
              "method.response.header.Access-Control-Allow-Methods": true,
              "method.response.header.Access-Control-Allow-Origin": true
            },
            "rest_api_id": "i2pyjz4fm2",
            "status_code": "200"
          },
          "sensitive_attributes": [],
          "identity_schema_version": 0,
          "private": "bnVsbA==",
          "dependencies": [
            "aws_api_gateway_method.gate_presign_options",
            "aws_api_gateway_resource.gate_presign",
            "aws_api_gateway_rest_api.gate_api"
          ]
        }
      ]
    },
    {
      "mode": "managed",
      "type": "aws_api_gateway_method_response",
      "name": "gate_verify_options_response",
      "provider": "provider[\"registry.terraform.io/hashicorp/aws\"]",
      "instances": [
        {
          "schema_version": 0,
          "attributes": {
            "http_method": "OPTIONS",
            "id": "agmr-i2pyjz4fm2-gstwil-OPTIONS-200",
            "region": "us-east-1",
            "resource_id": "gstwil",
            "response_models": {},
            "response_parameters": {
              "method.response.header.Access-Control-Allow-Headers": true,
              "method.response.header.Access-Control-Allow-Methods": true,
              "method.response.header.Access-Control-Allow-Origin": true
            },
            "rest_api_id": "i2pyjz4fm2",
            "status_code": "200"
          },
          "sensitive_attributes": [],
          "identity_schema_version": 0,
          "private": "bnVsbA==",
          "dependencies": [
            "aws_api_gateway_method.gate_verify_options",
            "aws_api_gateway_resource.gate_verify",
            "aws_api_gateway_rest_api.gate_api"
          ]
        }
      ]
    },
    {
      "mode": "managed",
      "type": "aws_api_gateway_resource",
      "name": "enroll",
      "provider": "provider[\"registry.terraform.io/hashicorp/aws\"]",
      "instances": [
        {
          "schema_version": 0,
          "attributes": {
            "id": "3itgxw",
            "parent_id": "ayjk66iueg",
            "path": "/enroll",
            "path_part": "enroll",
            "region": "us-east-1",
            "rest_api_id": "flc7vqnomd"
          },
          "sensitive_attributes": [],
          "identity_schema_version": 0,
          "private": "bnVsbA==",
          "dependencies": [
            "aws_api_gateway_rest_api.api"
          ]
        }
      ]
    },
    {
      "mode": "managed",
      "type": "aws_api_gateway_resource",
      "name": "gate_presign",
      "provider": "provider[\"registry.terraform.io/hashicorp/aws\"]",
      "instances": [
        {
          "schema_version": 0,
          "attributes": {
            "id": "2a3fm6",
            "parent_id": "f1qtlgqpsg",
            "path": "/presign-upload",
            "path_part": "presign-upload",
            "region": "us-east-1",
            "rest_api_id": "i2pyjz4fm2"
          },
          "sensitive_attributes": [],
          "identity_schema_version": 0,
          "private": "bnVsbA==",
          "dependencies": [
            "aws_api_gateway_rest_api.gate_api"
          ]
        }
      ]
    },
    {
      "mode": "managed",
      "type": "aws_api_gateway_resource",
      "name": "gate_verify",
      "provider": "provider[\"registry.terraform.io/hashicorp/aws\"]",
      "instances": [
        {
          "schema_version": 0,
          "attributes": {
            "id": "gstwil",
            "parent_id": "f1qtlgqpsg",
            "path": "/verify",
            "path_part": "verify",
            "region": "us-east-1",
            "rest_api_id": "i2pyjz4fm2"
          },
          "sensitive_attributes": [],
          "identity_schema_version": 0,
          "private": "bnVsbA==",
          "dependencies": [
            "aws_api_gateway_rest_api.gate_api"
          ]
        }
      ]
    },
    {
      "mode": "managed",
      "type": "aws_api_gateway_resource",
      "name": "presign",
      "provider": "provider[\"registry.terraform.io/hashicorp/aws\"]",
      "instances": [
        {
          "schema_version": 0,
          "attributes": {
            "id": "c7rw4s",
            "parent_id": "ayjk66iueg",
            "path": "/presign-upload",
            "path_part": "presign-upload",
            "region": "us-east-1",
            "rest_api_id": "flc7vqnomd"
          },
          "sensitive_attributes": [],
          "identity_schema_version": 0,
          "private": "bnVsbA==",
          "dependencies": [
            "aws_api_gateway_rest_api.api"
          ]
        }
      ]
    },
    {
      "mode": "managed",
      "type": "aws_api_gateway_resource",
      "name": "verify",
      "provider": "provider[\"registry.terraform.io/hashicorp/aws\"]",
      "instances": [
        {
          "schema_version": 0,
          "attributes": {
            "id": "24p7dt",
            "parent_id": "ayjk66iueg",
            "path": "/verify",
            "path_part": "verify",
            "region": "us-east-1",
            "rest_api_id": "flc7vqnomd"
          },
          "sensitive_attributes": [],
          "identity_schema_version": 0,
          "private": "bnVsbA==",
          "dependencies": [
            "aws_api_gateway_rest_api.api"
          ]
        }
      ]
    },
    {
      "mode": "managed",
      "type": "aws_api_gateway_rest_api",
      "name": "api",
      "provider": "provider[\"registry.terraform.io/hashicorp/aws\"]",
      "instances": [
        {
          "schema_version": 0,
          "attributes": {
            "api_key_source": "HEADER",
            "arn": "arn:aws:apigateway:us-east-1::/restapis/flc7vqnomd",
            "binary_media_types": [],
            "body": null,
            "created_date": "2025-12-27T13:04:49Z",
            "description": "",
            "disable_execute_api_endpoint": false,
            "endpoint_configuration": [
              {
                "ip_address_type": "ipv4",
                "types": [
                  "EDGE"
                ],
                "vpc_endpoint_ids": []
              }
            ],
            "execution_arn": "arn:aws:execute-api:us-east-1:904233132254:flc7vqnomd",
            "fail_on_warnings": null,
            "id": "flc7vqnomd",
            "minimum_compression_size": "",
            "name": "facial-recognition-secure-dev-api",
            "parameters": null,
            "policy": "",
            "put_rest_api_mode": null,
            "region": "us-east-1",
            "root_resource_id": "ayjk66iueg",
            "tags": {},
            "tags_all": {
              "Environment": "dev",
              "Owner": "ike",
              "Project": "facial-recognition-secure"
            }
          },
          "sensitive_attributes": [],
          "identity_schema_version": 0,
          "private": "bnVsbA=="
        }
      ]
    },
    {
      "mode": "managed",
      "type": "aws_api_gateway_rest_api",
      "name": "gate_api",
      "provider": "provider[\"registry.terraform.io/hashicorp/aws\"]",
      "instances": [
        {
          "schema_version": 0,
          "attributes": {
            "api_key_source": "HEADER",
            "arn": "arn:aws:apigateway:us-east-1::/restapis/i2pyjz4fm2",
            "binary_media_types": [],
            "body": null,
            "created_date": "2025-12-31T11:55:59Z",
            "description": "",
            "disable_execute_api_endpoint": false,
            "endpoint_configuration": [
              {
                "ip_address_type": "ipv4",
                "types": [
                  "EDGE"
                ],
                "vpc_endpoint_ids": []
              }
            ],
            "execution_arn": "arn:aws:execute-api:us-east-1:904233132254:i2pyjz4fm2",
            "fail_on_warnings": null,
            "id": "i2pyjz4fm2",
            "minimum_compression_size": "",
            "name": "facial-recognition-secure-dev-gate-api",
            "parameters": null,
            "policy": "",
            "put_rest_api_mode": null,
            "region": "us-east-1",
            "root_resource_id": "f1qtlgqpsg",
            "tags": {},
            "tags_all": {
              "Environment": "dev",
              "Owner": "ike",
              "Project": "facial-recognition-secure"
            }
          },
          "sensitive_attributes": [],
          "identity_schema_version": 0,
          "private": "bnVsbA=="
        }
      ]
    },
    {
      "mode": "managed",
      "type": "aws_api_gateway_stage",
      "name": "gate_stage",
      "provider": "provider[\"registry.terraform.io/hashicorp/aws\"]",
      "instances": [
        {
          "schema_version": 0,
          "attributes": {
            "access_log_settings": [],
            "arn": "arn:aws:apigateway:us-east-1::/restapis/i2pyjz4fm2/stages/dev",
            "cache_cluster_enabled": false,
            "cache_cluster_size": "",
            "canary_settings": [],
            "client_certificate_id": "",
            "deployment_id": "veymny",
            "description": "",
            "documentation_version": "",
            "execution_arn": "arn:aws:execute-api:us-east-1:904233132254:i2pyjz4fm2/dev",
            "id": "ags-i2pyjz4fm2-dev",
            "invoke_url": "https://i2pyjz4fm2.execute-api.us-east-1.amazonaws.com/dev",
            "region": "us-east-1",
            "rest_api_id": "i2pyjz4fm2",
            "stage_name": "dev",
            "tags": {},
            "tags_all": {
              "Environment": "dev",
              "Owner": "ike",
              "Project": "facial-recognition-secure"
            },
            "variables": {},
            "web_acl_arn": "",
            "xray_tracing_enabled": false
          },
          "sensitive_attributes": [],
          "identity_schema_version": 0,
          "private": "bnVsbA==",
          "dependencies": [
            "aws_api_gateway_deployment.gate_deploy",
            "aws_api_gateway_integration.gate_presign_integration",
            "aws_api_gateway_integration.gate_verify_integration",
            "aws_api_gateway_method.gate_presign_post",
            "aws_api_gateway_method.gate_verify_post",
            "aws_api_gateway_resource.gate_presign",
            "aws_api_gateway_resource.gate_verify",
            "aws_api_gateway_rest_api.gate_api",
            "aws_dynamodb_table.auth_events",
            "aws_iam_role.lambda_role",
            "aws_kms_key.data_key",
            "aws_lambda_function.presign",
            "aws_lambda_function.verify",
            "aws_rekognition_collection.faces",
            "aws_s3_bucket.images",
            "data.archive_file.presign_zip",
            "data.archive_file.verify_zip",
            "data.aws_iam_policy_document.lambda_assume"
          ]
        }
      ]
    },
    {
      "mode": "managed",
      "type": "aws_api_gateway_stage",
      "name": "stage",
      "provider": "provider[\"registry.terraform.io/hashicorp/aws\"]",
      "instances": [
        {
          "schema_version": 0,
          "attributes": {
            "access_log_settings": [],
            "arn": "arn:aws:apigateway:us-east-1::/restapis/flc7vqnomd/stages/dev",
            "cache_cluster_enabled": false,
            "cache_cluster_size": "",
            "canary_settings": [],
            "client_certificate_id": "",
            "deployment_id": "3s01eo",
            "description": "",
            "documentation_version": "",
            "execution_arn": "arn:aws:execute-api:us-east-1:904233132254:flc7vqnomd/dev",
            "id": "ags-flc7vqnomd-dev",
            "invoke_url": "https://flc7vqnomd.execute-api.us-east-1.amazonaws.com/dev",
            "region": "us-east-1",
            "rest_api_id": "flc7vqnomd",
            "stage_name": "dev",
            "tags": {},
            "tags_all": {
              "Environment": "dev",
              "Owner": "ike",
              "Project": "facial-recognition-secure"
            },
            "variables": {},
            "web_acl_arn": "",
            "xray_tracing_enabled": false
          },
          "sensitive_attributes": [],
          "identity_schema_version": 0,
          "private": "bnVsbA==",
          "dependencies": [
            "aws_api_gateway_authorizer.cognito",
            "aws_api_gateway_deployment.deploy",
            "aws_api_gateway_integration.enroll_integration",
            "aws_api_gateway_integration.presign_integration",
            "aws_api_gateway_integration.verify_integration",
            "aws_api_gateway_method.enroll_post",
            "aws_api_gateway_method.presign_post",
            "aws_api_gateway_method.verify_post",
            "aws_api_gateway_resource.enroll",
            "aws_api_gateway_resource.presign",
            "aws_api_gateway_resource.verify",
            "aws_api_gateway_rest_api.api",
            "aws_cognito_user_pool.pool",
            "aws_dynamodb_table.auth_events",
            "aws_iam_role.lambda_role",
            "aws_kms_key.data_key",
            "aws_lambda_function.enroll",
            "aws_lambda_function.presign",
            "aws_lambda_function.verify",
            "aws_rekognition_collection.faces",
            "aws_s3_bucket.images",
            "data.archive_file.enroll_zip",
            "data.archive_file.presign_zip",
            "data.archive_file.verify_zip",
            "data.aws_iam_policy_document.lambda_assume"
          ]
        }
      ]
    },
    {
      "mode": "managed",
      "type": "aws_cognito_identity_pool",
      "name": "gate_pool",
      "provider": "provider[\"registry.terraform.io/hashicorp/aws\"]",
      "instances": [
        {
          "schema_version": 0,
          "attributes": {
            "allow_classic_flow": false,
            "allow_unauthenticated_identities": true,
            "arn": "arn:aws:cognito-identity:us-east-1:904233132254:identitypool/us-east-1:ac8aa147-5313-4259-93eb-d97e6023c036",
            "cognito_identity_providers": [],
            "developer_provider_name": "",
            "id": "us-east-1:ac8aa147-5313-4259-93eb-d97e6023c036",
            "identity_pool_name": "facial-recognition-secure-dev-gate-pool",
            "openid_connect_provider_arns": [],
            "region": "us-east-1",
            "saml_provider_arns": [],
            "supported_login_providers": {},
            "tags": {},
            "tags_all": {
              "Environment": "dev",
              "Owner": "ike",
              "Project": "facial-recognition-secure"
            }
          },
          "sensitive_attributes": [],
          "identity_schema_version": 0,
          "private": "bnVsbA=="
        }
      ]
    },
    {
      "mode": "managed",
      "type": "aws_cognito_identity_pool_roles_attachment",
      "name": "gate_attach",
      "provider": "provider[\"registry.terraform.io/hashicorp/aws\"]",
      "instances": [
        {
          "schema_version": 0,
          "attributes": {
            "id": "us-east-1:ac8aa147-5313-4259-93eb-d97e6023c036",
            "identity_pool_id": "us-east-1:ac8aa147-5313-4259-93eb-d97e6023c036",
            "region": "us-east-1",
            "role_mapping": [],
            "roles": {
              "unauthenticated": "arn:aws:iam::904233132254:role/facial-recognition-secure-dev-gate-role"
            }
          },
          "sensitive_attributes": [],
          "identity_schema_version": 0,
          "private": "bnVsbA==",
          "dependencies": [
            "aws_cognito_identity_pool.gate_pool",
            "aws_iam_role.gate_role",
            "data.aws_iam_policy_document.gate_assume_role"
          ]
        }
      ]
    },
    {
      "mode": "managed",
      "type": "aws_cognito_user",
      "name": "admin",
      "provider": "provider[\"registry.terraform.io/hashicorp/aws\"]",
      "instances": [
        {
          "schema_version": 0,
          "attributes": {
            "attributes": {
              "email": "ikechukwu980@gmail.com",
              "email_verified": "true",
              "sub": "2498b4e8-2091-703b-8c61-14690c87b2f8"
            },
            "client_metadata": null,
            "creation_date": "2025-12-27T13:26:19Z",
            "desired_delivery_mediums": null,
            "enabled": true,
            "force_alias_creation": false,
            "id": "us-east-1_mOwL7DdTT/Ikechukwu",
            "last_modified_date": "2025-12-28T13:19:56Z",
            "message_action": "SUPPRESS",
            "mfa_setting_list": [],
            "password": null,
            "preferred_mfa_setting": "",
            "region": "us-east-1",
            "status": "CONFIRMED",
            "sub": "2498b4e8-2091-703b-8c61-14690c87b2f8",
            "temporary_password": null,
            "user_pool_id": "us-east-1_mOwL7DdTT",
            "username": "Ikechukwu",
            "validation_data": null
          },
          "sensitive_attributes": [
            [
              {
                "type": "get_attr",
                "value": "password"
              }
            ],
            [
              {
                "type": "get_attr",
                "value": "temporary_password"
              }
            ]
          ],
          "identity_schema_version": 0,
          "private": "bnVsbA==",
          "dependencies": [
            "aws_cognito_user_pool.pool"
          ]
        }
      ]
    },
    {
      "mode": "managed",
      "type": "aws_cognito_user_pool",
      "name": "pool",
      "provider": "provider[\"registry.terraform.io/hashicorp/aws\"]",
      "instances": [
        {
          "schema_version": 0,
          "attributes": {
            "account_recovery_setting": [
              {
                "recovery_mechanism": [
                  {
                    "name": "verified_email",
                    "priority": 1
                  },
                  {
                    "name": "verified_phone_number",
                    "priority": 2
                  }
                ]
              }
            ],
            "admin_create_user_config": [
              {
                "allow_admin_create_user_only": false,
                "invite_message_template": []
              }
            ],
            "alias_attributes": null,
            "arn": "arn:aws:cognito-idp:us-east-1:904233132254:userpool/us-east-1_mOwL7DdTT",
            "auto_verified_attributes": [
              "email"
            ],
            "creation_date": "2025-12-27T13:04:50Z",
            "custom_domain": "",
            "deletion_protection": "INACTIVE",
            "device_configuration": [],
            "domain": "ike-facial-recognition-app",
            "email_configuration": [
              {
                "configuration_set": "",
                "email_sending_account": "COGNITO_DEFAULT",
                "from_email_address": "",
                "reply_to_email_address": "",
                "source_arn": ""
              }
            ],
            "email_mfa_configuration": [],
            "email_verification_message": "",
            "email_verification_subject": "",
            "endpoint": "cognito-idp.us-east-1.amazonaws.com/us-east-1_mOwL7DdTT",
            "estimated_number_of_users": 1,
            "id": "us-east-1_mOwL7DdTT",
            "lambda_config": [],
            "last_modified_date": "2025-12-27T13:04:50Z",
            "mfa_configuration": "OFF",
            "name": "facial-recognition-secure-dev-userpool",
            "password_policy": [
              {
                "minimum_length": 12,
                "password_history_size": 0,
                "require_lowercase": true,
                "require_numbers": true,
                "require_symbols": true,
                "require_uppercase": true,
                "temporary_password_validity_days": 7
              }
            ],
            "region": "us-east-1",
            "schema": [],
            "sign_in_policy": [
              {
                "allowed_first_auth_factors": [
                  "PASSWORD"
                ]
              }
            ],
            "sms_authentication_message": "",
            "sms_configuration": [],
            "sms_verification_message": "",
            "software_token_mfa_configuration": [],
            "tags": {},
            "tags_all": {
              "Environment": "dev",
              "Owner": "ike",
              "Project": "facial-recognition-secure"
            },
            "user_attribute_update_settings": [],
            "user_pool_add_ons": [],
            "user_pool_tier": "ESSENTIALS",
            "username_attributes": [],
            "username_configuration": [],
            "verification_message_template": [
              {
                "default_email_option": "CONFIRM_WITH_CODE",
                "email_message": "",
                "email_message_by_link": "",
                "email_subject": "",
                "email_subject_by_link": "",
                "sms_message": ""
              }
            ],
            "web_authn_configuration": []
          },
          "sensitive_attributes": [],
          "identity_schema_version": 0,
          "private": "bnVsbA=="
        }
      ]
    },
    {
      "mode": "managed",
      "type": "aws_cognito_user_pool_client",
      "name": "client",
      "provider": "provider[\"registry.terraform.io/hashicorp/aws\"]",
      "instances": [
        {
          "schema_version": 0,
          "attributes": {
            "access_token_validity": 0,
            "allowed_oauth_flows": [
              "code"
            ],
            "allowed_oauth_flows_user_pool_client": true,
            "allowed_oauth_scopes": [
              "email",
              "openid",
              "profile"
            ],
            "analytics_configuration": [],
            "auth_session_validity": 3,
            "callback_urls": [
              "http://localhost:3000/callback"
            ],
            "client_secret": "",
            "default_redirect_uri": "",
            "enable_propagate_additional_user_context_data": false,
            "enable_token_revocation": true,
            "explicit_auth_flows": [
              "ALLOW_REFRESH_TOKEN_AUTH",
              "ALLOW_USER_PASSWORD_AUTH",
              "ALLOW_USER_SRP_AUTH"
            ],
            "generate_secret": false,
            "id": "5c60ft5ni9afnsf4eu0pbveqbb",
            "id_token_validity": 0,
            "logout_urls": [
              "http://localhost:3000/logout"
            ],
            "name": "facial-recognition-secure-dev-appclient",
            "prevent_user_existence_errors": "",
            "read_attributes": [],
            "refresh_token_rotation": [],
            "refresh_token_validity": 30,
            "region": "us-east-1",
            "supported_identity_providers": [
              "COGNITO"
            ],
            "token_validity_units": [],
            "user_pool_id": "us-east-1_mOwL7DdTT",
            "write_attributes": []
          },
          "sensitive_attributes": [
            [
              {
                "type": "get_attr",
                "value": "client_secret"
              }
            ]
          ],
          "identity_schema_version": 0,
          "dependencies": [
            "aws_cognito_user_pool.pool"
          ]
        }
      ]
    },
    {
      "mode": "managed",
      "type": "aws_dynamodb_table",
      "name": "auth_events",
      "provider": "provider[\"registry.terraform.io/hashicorp/aws\"]",
      "instances": [
        {
          "schema_version": 1,
          "attributes": {
            "arn": "arn:aws:dynamodb:us-east-1:904233132254:table/facial-recognition-secure-dev-auth-events",
            "attribute": [
              {
                "name": "pk",
                "type": "S"
              },
              {
                "name": "sk",
                "type": "S"
              }
            ],
            "billing_mode": "PAY_PER_REQUEST",
            "deletion_protection_enabled": false,
            "global_secondary_index": [],
            "global_table_witness": [],
            "hash_key": "pk",
            "id": "facial-recognition-secure-dev-auth-events",
            "import_table": [],
            "local_secondary_index": [],
            "name": "facial-recognition-secure-dev-auth-events",
            "on_demand_throughput": [],
            "point_in_time_recovery": [
              {
                "enabled": true,
                "recovery_period_in_days": 35
              }
            ],
            "range_key": "sk",
            "read_capacity": 0,
            "region": "us-east-1",
            "replica": [],
            "restore_date_time": null,
            "restore_source_name": null,
            "restore_source_table_arn": null,
            "restore_to_latest_time": null,
            "server_side_encryption": [
              {
                "enabled": true,
                "kms_key_arn": "arn:aws:kms:us-east-1:904233132254:key/e95a9f02-c11e-4f0e-ac6b-b26d6f679821"
              }
            ],
            "stream_arn": "",
            "stream_enabled": false,
            "stream_label": "",
            "stream_view_type": "",
            "table_class": "STANDARD",
            "tags": {},
            "tags_all": {
              "Environment": "dev",
              "Owner": "ike",
              "Project": "facial-recognition-secure"
            },
            "timeouts": null,
            "ttl": [
              {
                "attribute_name": "",
                "enabled": false
              }
            ],
            "warm_throughput": [],
            "write_capacity": 0
          },
          "sensitive_attributes": [],
          "identity_schema_version": 0,
          "private": "eyJlMmJmYjczMC1lY2FhLTExZTYtOGY4OC0zNDM2M2JjN2M0YzAiOnsiY3JlYXRlIjoxODAwMDAwMDAwMDAwLCJkZWxldGUiOjYwMDAwMDAwMDAwMCwidXBkYXRlIjozNjAwMDAwMDAwMDAwfSwic2NoZW1hX3ZlcnNpb24iOiIxIn0=",
          "dependencies": [
            "aws_kms_key.data_key"
          ]
        }
      ]
    },
    {
      "mode": "managed",
      "type": "aws_iam_role",
      "name": "gate_role",
      "provider": "provider[\"registry.terraform.io/hashicorp/aws\"]",
      "instances": [
        {
          "schema_version": 0,
          "attributes": {
            "arn": "arn:aws:iam::904233132254:role/facial-recognition-secure-dev-gate-role",
            "assume_role_policy": "{\"Statement\":[{\"Action\":\"sts:AssumeRoleWithWebIdentity\",\"Condition\":{\"ForAnyValue:StringLike\":{\"cognito-identity.amazonaws.com:amr\":\"unauthenticated\"},\"StringEquals\":{\"cognito-identity.amazonaws.com:aud\":\"us-east-1:ac8aa147-5313-4259-93eb-d97e6023c036\"}},\"Effect\":\"Allow\",\"Principal\":{\"Federated\":\"cognito-identity.amazonaws.com\"}}],\"Version\":\"2012-10-17\"}",
            "create_date": "2025-12-27T13:04:49Z",
            "description": "",
            "force_detach_policies": false,
            "id": "facial-recognition-secure-dev-gate-role",
            "inline_policy": [
              {
                "name": "terraform-20251227130450159600000001",
                "policy": "{\"Version\":\"2012-10-17\",\"Statement\":[{\"Action\":\"execute-api:Invoke\",\"Effect\":\"Allow\",\"Resource\":\"arn:aws:execute-api:us-east-1:904233132254:flc7vqnomd/*/POST/verify\"}]}"
              }
            ],
            "managed_policy_arns": [],
            "max_session_duration": 3600,
            "name": "facial-recognition-secure-dev-gate-role",
            "name_prefix": "",
            "path": "/",
            "permissions_boundary": "",
            "tags": {},
            "tags_all": {
              "Environment": "dev",
              "Owner": "ike",
              "Project": "facial-recognition-secure"
            },
            "unique_id": "AROA5FCD6UDPMQVWLYGWD"
          },
          "sensitive_attributes": [],
          "identity_schema_version": 0,
          "identity": {
            "account_id": "904233132254",
            "name": "facial-recognition-secure-dev-gate-role"
          },
          "private": "bnVsbA==",
          "dependencies": [
            "aws_cognito_identity_pool.gate_pool",
            "data.aws_iam_policy_document.gate_assume_role"
          ]
        }
      ]
    },
    {
      "mode": "managed",
      "type": "aws_iam_role",
      "name": "lambda_role",
      "provider": "provider[\"registry.terraform.io/hashicorp/aws\"]",
      "instances": [
        {
          "schema_version": 0,
          "attributes": {
            "arn": "arn:aws:iam::904233132254:role/facial-recognition-secure-dev-lambda-role",
            "assume_role_policy": "{\"Statement\":[{\"Action\":\"sts:AssumeRole\",\"Effect\":\"Allow\",\"Principal\":{\"Service\":\"lambda.amazonaws.com\"}}],\"Version\":\"2012-10-17\"}",
            "create_date": "2025-12-27T13:04:49Z",
            "description": "",
            "force_detach_policies": false,
            "id": "facial-recognition-secure-dev-lambda-role",
            "inline_policy": [
              {
                "name": "facial-recognition-secure-dev-lambda-inline",
                "policy": "{\"Version\":\"2012-10-17\",\"Statement\":[{\"Action\":[\"s3:GetObject\",\"s3:GetObjectVersion\"],\"Effect\":\"Allow\",\"Resource\":[\"arn:aws:s3:::facial-recogn-image-bucket/enroll/*\",\"arn:aws:s3:::facial-recogn-image-bucket/verify/*\",\"arn:aws:s3:::facial-recogn-image-bucket/gate/*\"]},{\"Action\":\"dynamodb:PutItem\",\"Effect\":\"Allow\",\"Resource\":\"arn:aws:dynamodb:us-east-1:904233132254:table/facial-recognition-secure-dev-auth-events\"},{\"Action\":[\"rekognition:SearchFacesByImage\",\"rekognition:IndexFaces\",\"rekognition:DetectFaces\"],\"Effect\":\"Allow\",\"Resource\":\"*\"},{\"Action\":[\"kms:GenerateDataKey\",\"kms:Encrypt\",\"kms:Decrypt\"],\"Effect\":\"Allow\",\"Resource\":\"arn:aws:kms:us-east-1:904233132254:key/e95a9f02-c11e-4f0e-ac6b-b26d6f679821\"},{\"Action\":[\"s3:PutObject\",\"s3:PutObjectAcl\"],\"Effect\":\"Allow\",\"Resource\":[\"arn:aws:s3:::facial-recogn-image-bucket/*\",\"arn:aws:s3:::facial-recogn-image-bucket/verify/*\",\"arn:aws:s3:::facial-recogn-image-bucket/enroll/*\"]}]}"
              }
            ],
            "managed_policy_arns": [
              "arn:aws:iam::aws:policy/service-role/AWSLambdaBasicExecutionRole"
            ],
            "max_session_duration": 3600,
            "name": "facial-recognition-secure-dev-lambda-role",
            "name_prefix": "",
            "path": "/",
            "permissions_boundary": "",
            "tags": {},
            "tags_all": {
              "Environment": "dev",
              "Owner": "ike",
              "Project": "facial-recognition-secure"
            },
            "unique_id": "AROA5FCD6UDPH6HNORTVM"
          },
          "sensitive_attributes": [],
          "identity_schema_version": 0,
          "identity": {
            "account_id": "904233132254",
            "name": "facial-recognition-secure-dev-lambda-role"
          },
          "private": "bnVsbA==",
          "dependencies": [
            "data.aws_iam_policy_document.lambda_assume"
          ]
        }
      ]
    },
    {
      "mode": "managed",
      "type": "aws_iam_role_policy",
      "name": "gate_inline",
      "provider": "provider[\"registry.terraform.io/hashicorp/aws\"]",
      "instances": [
        {
          "schema_version": 0,
          "attributes": {
            "id": "facial-recognition-secure-dev-gate-role:terraform-20251227130450159600000001",
            "name": "terraform-20251227130450159600000001",
            "name_prefix": "terraform-",
            "policy": "{\"Version\":\"2012-10-17\",\"Statement\":[{\"Action\":\"execute-api:Invoke\",\"Effect\":\"Allow\",\"Resource\":\"arn:aws:execute-api:us-east-1:904233132254:flc7vqnomd/*/POST/verify\"}]}",
            "role": "facial-recognition-secure-dev-gate-role"
          },
          "sensitive_attributes": [],
          "identity_schema_version": 0,
          "identity": {
            "account_id": "904233132254",
            "name": "terraform-20251227130450159600000001",
            "role": "facial-recognition-secure-dev-gate-role"
          },
          "private": "bnVsbA==",
          "dependencies": [
            "aws_api_gateway_rest_api.api",
            "aws_cognito_identity_pool.gate_pool",
            "aws_iam_role.gate_role",
            "data.aws_iam_policy_document.gate_assume_role",
            "data.aws_iam_policy_document.gate_policy"
          ]
        }
      ]
    },
    {
      "mode": "managed",
      "type": "aws_iam_role_policy",
      "name": "lambda_inline",
      "provider": "provider[\"registry.terraform.io/hashicorp/aws\"]",
      "instances": [
        {
          "schema_version": 0,
          "attributes": {
            "id": "facial-recognition-secure-dev-lambda-role:facial-recognition-secure-dev-lambda-inline",
            "name": "facial-recognition-secure-dev-lambda-inline",
            "name_prefix": "",
            "policy": "{\"Version\":\"2012-10-17\",\"Statement\":[{\"Action\":\"s3:GetObject\",\"Effect\":\"Allow\",\"Resource\":[\"arn:aws:s3:::facial-recogn-image-bucket/verify/*\",\"arn:aws:s3:::facial-recogn-image-bucket/enroll/*\"]},{\"Action\":\"dynamodb:PutItem\",\"Effect\":\"Allow\",\"Resource\":\"arn:aws:dynamodb:us-east-1:904233132254:table/facial-recognition-secure-dev-auth-events\"},{\"Action\":[\"rekognition:SearchFacesByImage\",\"rekognition:IndexFaces\",\"rekognition:DetectFaces\"],\"Effect\":\"Allow\",\"Resource\":\"*\"},{\"Action\":[\"kms:GenerateDataKey\",\"kms:Encrypt\",\"kms:Decrypt\"],\"Effect\":\"Allow\",\"Resource\":\"arn:aws:kms:us-east-1:904233132254:key/e95a9f02-c11e-4f0e-ac6b-b26d6f679821\"},{\"Action\":\"s3:PutObject\",\"Effect\":\"Allow\",\"Resource\":[\"arn:aws:s3:::facial-recogn-image-bucket/verify/*\",\"arn:aws:s3:::facial-recogn-image-bucket/enroll/*\"]}]}",
            "role": "facial-recognition-secure-dev-lambda-role"
          },
          "sensitive_attributes": [],
          "identity_schema_version": 0,
          "identity": {
            "account_id": "904233132254",
            "name": "facial-recognition-secure-dev-lambda-inline",
            "role": "facial-recognition-secure-dev-lambda-role"
          },
          "private": "bnVsbA==",
          "dependencies": [
            "aws_dynamodb_table.auth_events",
            "aws_iam_role.lambda_role",
            "aws_kms_key.data_key",
            "aws_s3_bucket.images",
            "data.aws_iam_policy_document.lambda_assume",
            "data.aws_iam_policy_document.lambda_policy"
          ]
        }
      ]
    },
    {
      "mode": "managed",
      "type": "aws_iam_role_policy_attachment",
      "name": "lambda_basic_logs",
      "provider": "provider[\"registry.terraform.io/hashicorp/aws\"]",
      "instances": [
        {
          "schema_version": 0,
          "attributes": {
            "id": "facial-recognition-secure-dev-lambda-role/arn:aws:iam::aws:policy/service-role/AWSLambdaBasicExecutionRole",
            "policy_arn": "arn:aws:iam::aws:policy/service-role/AWSLambdaBasicExecutionRole",
            "role": "facial-recognition-secure-dev-lambda-role"
          },
          "sensitive_attributes": [],
          "identity_schema_version": 0,
          "identity": {
            "account_id": "904233132254",
            "policy_arn": "arn:aws:iam::aws:policy/service-role/AWSLambdaBasicExecutionRole",
            "role": "facial-recognition-secure-dev-lambda-role"
          },
          "private": "bnVsbA==",
          "dependencies": [
            "aws_iam_role.lambda_role",
            "data.aws_iam_policy_document.lambda_assume"
          ]
        }
      ]
    },
    {
      "mode": "managed",
      "type": "aws_kms_alias",
      "name": "data_key_alias",
      "provider": "provider[\"registry.terraform.io/hashicorp/aws\"]",
      "instances": [
        {
          "schema_version": 0,
          "attributes": {
            "arn": "arn:aws:kms:us-east-1:904233132254:alias/facial-recognition-secure-dev-data",
            "id": "alias/facial-recognition-secure-dev-data",
            "name": "alias/facial-recognition-secure-dev-data",
            "name_prefix": "",
            "region": "us-east-1",
            "target_key_arn": "arn:aws:kms:us-east-1:904233132254:key/e95a9f02-c11e-4f0e-ac6b-b26d6f679821",
            "target_key_id": "e95a9f02-c11e-4f0e-ac6b-b26d6f679821"
          },
          "sensitive_attributes": [],
          "identity_schema_version": 0,
          "identity": {
            "account_id": "904233132254",
            "name": "alias/facial-recognition-secure-dev-data",
            "region": "us-east-1"
          },
          "private": "bnVsbA==",
          "dependencies": [
            "aws_kms_key.data_key"
          ]
        }
      ]
    },
    {
      "mode": "managed",
      "type": "aws_kms_key",
      "name": "data_key",
      "provider": "provider[\"registry.terraform.io/hashicorp/aws\"]",
      "instances": [
        {
          "schema_version": 0,
          "attributes": {
            "arn": "arn:aws:kms:us-east-1:904233132254:key/e95a9f02-c11e-4f0e-ac6b-b26d6f679821",
            "bypass_policy_lockout_safety_check": false,
            "custom_key_store_id": "",
            "customer_master_key_spec": "SYMMETRIC_DEFAULT",
            "deletion_window_in_days": 7,
            "description": "KMS key for facial-recognition-secure-dev",
            "enable_key_rotation": true,
            "id": "e95a9f02-c11e-4f0e-ac6b-b26d6f679821",
            "is_enabled": true,
            "key_id": "e95a9f02-c11e-4f0e-ac6b-b26d6f679821",
            "key_usage": "ENCRYPT_DECRYPT",
            "multi_region": false,
            "policy": "{\"Id\":\"key-default-1\",\"Statement\":[{\"Action\":\"kms:*\",\"Effect\":\"Allow\",\"Principal\":{\"AWS\":\"arn:aws:iam::904233132254:root\"},\"Resource\":\"*\",\"Sid\":\"Enable IAM User Permissions\"}],\"Version\":\"2012-10-17\"}",
            "region": "us-east-1",
            "rotation_period_in_days": 365,
            "tags": {},
            "tags_all": {
              "Environment": "dev",
              "Owner": "ike",
              "Project": "facial-recognition-secure"
            },
            "timeouts": null,
            "xks_key_id": ""
          },
          "sensitive_attributes": [],
          "identity_schema_version": 0,
          "identity": {
            "account_id": "904233132254",
            "id": "e95a9f02-c11e-4f0e-ac6b-b26d6f679821",
            "region": "us-east-1"
          },
          "private": "eyJlMmJmYjczMC1lY2FhLTExZTYtOGY4OC0zNDM2M2JjN2M0YzAiOnsiY3JlYXRlIjoxMjAwMDAwMDAwMDB9fQ=="
        }
      ]
    },
    {
      "mode": "managed",
      "type": "aws_lambda_function",
      "name": "enroll",
      "provider": "provider[\"registry.terraform.io/hashicorp/aws\"]",
      "instances": [
        {
          "schema_version": 0,
          "attributes": {
            "architectures": [
              "x86_64"
            ],
            "arn": "arn:aws:lambda:us-east-1:904233132254:function:facial-recognition-secure-dev-enroll",
            "capacity_provider_config": [],
            "code_sha256": "dQHGeQUUn2RANtq0A89sRUktlUqr2BNZ0j0/6nAI5ho=",
            "code_signing_config_arn": "",
            "dead_letter_config": [],
            "description": "",
            "durable_config": [],
            "environment": [
              {
                "variables": {
                  "BUCKET_NAME": "facial-recogn-image-bucket",
                  "COLLECTION_ID": "facial-recognition-secure-dev-faces",
                  "DDB_TABLE_NAME": "facial-recognition-secure-dev-auth-events",
                  "ENVIRONMENT": "dev",
                  "FACE_THRESHOLD": "90",
                  "PROJECT_NAME": "facial-recognition-secure"
                }
              }
            ],
            "ephemeral_storage": [
              {
                "size": 512
              }
            ],
            "file_system_config": [],
            "filename": "./../build/enroll.zip",
            "function_name": "facial-recognition-secure-dev-enroll",
            "handler": "enroll.handler",
            "id": "facial-recognition-secure-dev-enroll",
            "image_config": [],
            "image_uri": "",
            "invoke_arn": "arn:aws:apigateway:us-east-1:lambda:path/2015-03-31/functions/arn:aws:lambda:us-east-1:904233132254:function:facial-recognition-secure-dev-enroll/invocations",
            "kms_key_arn": "",
            "last_modified": "2025-12-31T12:27:36.000+0000",
            "layers": [],
            "logging_config": [
              {
                "application_log_level": "",
                "log_format": "Text",
                "log_group": "/aws/lambda/facial-recognition-secure-dev-enroll",
                "system_log_level": ""
              }
            ],
            "memory_size": 512,
            "package_type": "Zip",
            "publish": false,
            "publish_to": null,
            "qualified_arn": "arn:aws:lambda:us-east-1:904233132254:function:facial-recognition-secure-dev-enroll:$LATEST",
            "qualified_invoke_arn": "arn:aws:apigateway:us-east-1:lambda:path/2015-03-31/functions/arn:aws:lambda:us-east-1:904233132254:function:facial-recognition-secure-dev-enroll:$LATEST/invocations",
            "region": "us-east-1",
            "replace_security_groups_on_destroy": null,
            "replacement_security_group_ids": null,
            "reserved_concurrent_executions": -1,
            "role": "arn:aws:iam::904233132254:role/facial-recognition-secure-dev-lambda-role",
            "runtime": "python3.12",
            "s3_bucket": null,
            "s3_key": null,
            "s3_object_version": null,
            "signing_job_arn": "",
            "signing_profile_version_arn": "",
            "skip_destroy": false,
            "snap_start": [],
            "source_code_hash": "",
            "source_code_size": 3160,
            "source_kms_key_arn": "",
            "tags": {},
            "tags_all": {
              "Environment": "dev",
              "Owner": "ike",
              "Project": "facial-recognition-secure"
            },
            "tenancy_config": [],
            "timeout": 20,
            "timeouts": null,
            "tracing_config": [
              {
                "mode": "PassThrough"
              }
            ],
            "version": "$LATEST",
            "vpc_config": []
          },
          "sensitive_attributes": [],
          "identity_schema_version": 0,
          "identity": {
            "account_id": "904233132254",
            "function_name": "facial-recognition-secure-dev-enroll",
            "region": "us-east-1"
          },
          "private": "eyJlMmJmYjczMC1lY2FhLTExZTYtOGY4OC0zNDM2M2JjN2M0YzAiOnsiY3JlYXRlIjo2MDAwMDAwMDAwMDAsImRlbGV0ZSI6NjAwMDAwMDAwMDAwLCJ1cGRhdGUiOjYwMDAwMDAwMDAwMH19",
          "dependencies": [
            "aws_dynamodb_table.auth_events",
            "aws_iam_role.lambda_role",
            "aws_kms_key.data_key",
            "aws_rekognition_collection.faces",
            "aws_s3_bucket.images",
            "data.archive_file.enroll_zip",
            "data.aws_iam_policy_document.lambda_assume"
          ]
        }
      ]
    },
    {
      "mode": "managed",
      "type": "aws_lambda_function",
      "name": "presign",
      "provider": "provider[\"registry.terraform.io/hashicorp/aws\"]",
      "instances": [
        {
          "schema_version": 0,
          "attributes": {
            "architectures": [
              "x86_64"
            ],
            "arn": "arn:aws:lambda:us-east-1:904233132254:function:facial-recognition-secure-dev-presign-upload",
            "capacity_provider_config": [],
            "code_sha256": "ZnI8pXjqoklGVfyobZEdWOD6cr3v3aVgDEbftxX5QnI=",
            "code_signing_config_arn": "",
            "dead_letter_config": [],
            "description": "",
            "durable_config": [],
            "environment": [
              {
                "variables": {
                  "BUCKET_NAME": "facial-recogn-image-bucket",
                  "KMS_KEY_ARN": "arn:aws:kms:us-east-1:904233132254:key/e95a9f02-c11e-4f0e-ac6b-b26d6f679821",
                  "UPLOAD_URL_TTL_SECONDS": "300"
                }
              }
            ],
            "ephemeral_storage": [
              {
                "size": 512
              }
            ],
            "file_system_config": [],
            "filename": "./../build/presign.zip",
            "function_name": "facial-recognition-secure-dev-presign-upload",
            "handler": "presign_upload.handler",
            "id": "facial-recognition-secure-dev-presign-upload",
            "image_config": [],
            "image_uri": "",
            "invoke_arn": "arn:aws:apigateway:us-east-1:lambda:path/2015-03-31/functions/arn:aws:lambda:us-east-1:904233132254:function:facial-recognition-secure-dev-presign-upload/invocations",
            "kms_key_arn": "",
            "last_modified": "2025-12-31T12:28:21.000+0000",
            "layers": [],
            "logging_config": [
              {
                "application_log_level": "",
                "log_format": "Text",
                "log_group": "/aws/lambda/facial-recognition-secure-dev-presign-upload",
                "system_log_level": ""
              }
            ],
            "memory_size": 256,
            "package_type": "Zip",
            "publish": false,
            "publish_to": null,
            "qualified_arn": "arn:aws:lambda:us-east-1:904233132254:function:facial-recognition-secure-dev-presign-upload:$LATEST",
            "qualified_invoke_arn": "arn:aws:apigateway:us-east-1:lambda:path/2015-03-31/functions/arn:aws:lambda:us-east-1:904233132254:function:facial-recognition-secure-dev-presign-upload:$LATEST/invocations",
            "region": "us-east-1",
            "replace_security_groups_on_destroy": null,
            "replacement_security_group_ids": null,
            "reserved_concurrent_executions": -1,
            "role": "arn:aws:iam::904233132254:role/facial-recognition-secure-dev-lambda-role",
            "runtime": "python3.12",
            "s3_bucket": null,
            "s3_key": null,
            "s3_object_version": null,
            "signing_job_arn": "",
            "signing_profile_version_arn": "",
            "skip_destroy": false,
            "snap_start": [],
            "source_code_hash": "",
            "source_code_size": 3200,
            "source_kms_key_arn": "",
            "tags": {},
            "tags_all": {
              "Environment": "dev",
              "Owner": "ike",
              "Project": "facial-recognition-secure"
            },
            "tenancy_config": [],
            "timeout": 10,
            "timeouts": null,
            "tracing_config": [
              {
                "mode": "PassThrough"
              }
            ],
            "version": "$LATEST",
            "vpc_config": []
          },
          "sensitive_attributes": [],
          "identity_schema_version": 0,
          "identity": {
            "account_id": "904233132254",
            "function_name": "facial-recognition-secure-dev-presign-upload",
            "region": "us-east-1"
          },
          "private": "eyJlMmJmYjczMC1lY2FhLTExZTYtOGY4OC0zNDM2M2JjN2M0YzAiOnsiY3JlYXRlIjo2MDAwMDAwMDAwMDAsImRlbGV0ZSI6NjAwMDAwMDAwMDAwLCJ1cGRhdGUiOjYwMDAwMDAwMDAwMH19",
          "dependencies": [
            "aws_iam_role.lambda_role",
            "aws_kms_key.data_key",
            "aws_s3_bucket.images",
            "data.archive_file.presign_zip",
            "data.aws_iam_policy_document.lambda_assume"
          ]
        }
      ]
    },
    {
      "mode": "managed",
      "type": "aws_lambda_function",
      "name": "verify",
      "provider": "provider[\"registry.terraform.io/hashicorp/aws\"]",
      "instances": [
        {
          "schema_version": 0,
          "attributes": {
            "architectures": [
              "x86_64"
            ],
            "arn": "arn:aws:lambda:us-east-1:904233132254:function:facial-recognition-secure-dev-verify",
            "capacity_provider_config": [],
            "code_sha256": "0Y3Zgmjiv1tZFrXGflUbrSS8q/K5unWm6jf3i37hP6E=",
            "code_signing_config_arn": "",
            "dead_letter_config": [],
            "description": "",
            "durable_config": [],
            "environment": [
              {
                "variables": {
                  "BUCKET_NAME": "facial-recogn-image-bucket",
                  "COLLECTION_ID": "facial-recognition-secure-dev-faces",
                  "DDB_TABLE_NAME": "facial-recognition-secure-dev-auth-events",
                  "ENVIRONMENT": "dev",
                  "FACE_THRESHOLD": "90",
                  "PROJECT_NAME": "facial-recognition-secure"
                }
              }
            ],
            "ephemeral_storage": [
              {
                "size": 512
              }
            ],
            "file_system_config": [],
            "filename": "./../build/verify.zip",
            "function_name": "facial-recognition-secure-dev-verify",
            "handler": "verify.handler",
            "id": "facial-recognition-secure-dev-verify",
            "image_config": [],
            "image_uri": "",
            "invoke_arn": "arn:aws:apigateway:us-east-1:lambda:path/2015-03-31/functions/arn:aws:lambda:us-east-1:904233132254:function:facial-recognition-secure-dev-verify/invocations",
            "kms_key_arn": "",
            "last_modified": "2025-12-31T12:26:26.000+0000",
            "layers": [],
            "logging_config": [
              {
                "application_log_level": "",
                "log_format": "Text",
                "log_group": "/aws/lambda/facial-recognition-secure-dev-verify",
                "system_log_level": ""
              }
            ],
            "memory_size": 512,
            "package_type": "Zip",
            "publish": false,
            "publish_to": null,
            "qualified_arn": "arn:aws:lambda:us-east-1:904233132254:function:facial-recognition-secure-dev-verify:$LATEST",
            "qualified_invoke_arn": "arn:aws:apigateway:us-east-1:lambda:path/2015-03-31/functions/arn:aws:lambda:us-east-1:904233132254:function:facial-recognition-secure-dev-verify:$LATEST/invocations",
            "region": "us-east-1",
            "replace_security_groups_on_destroy": null,
            "replacement_security_group_ids": null,
            "reserved_concurrent_executions": -1,
            "role": "arn:aws:iam::904233132254:role/facial-recognition-secure-dev-lambda-role",
            "runtime": "python3.12",
            "s3_bucket": null,
            "s3_key": null,
            "s3_object_version": null,
            "signing_job_arn": "",
            "signing_profile_version_arn": "",
            "skip_destroy": false,
            "snap_start": [],
            "source_code_hash": "",
            "source_code_size": 3160,
            "source_kms_key_arn": "",
            "tags": {},
            "tags_all": {
              "Environment": "dev",
              "Owner": "ike",
              "Project": "facial-recognition-secure"
            },
            "tenancy_config": [],
            "timeout": 20,
            "timeouts": null,
            "tracing_config": [
              {
                "mode": "PassThrough"
              }
            ],
            "version": "$LATEST",
            "vpc_config": []
          },
          "sensitive_attributes": [],
          "identity_schema_version": 0,
          "identity": {
            "account_id": "904233132254",
            "function_name": "facial-recognition-secure-dev-verify",
            "region": "us-east-1"
          },
          "private": "eyJlMmJmYjczMC1lY2FhLTExZTYtOGY4OC0zNDM2M2JjN2M0YzAiOnsiY3JlYXRlIjo2MDAwMDAwMDAwMDAsImRlbGV0ZSI6NjAwMDAwMDAwMDAwLCJ1cGRhdGUiOjYwMDAwMDAwMDAwMH19",
          "dependencies": [
            "aws_dynamodb_table.auth_events",
            "aws_iam_role.lambda_role",
            "aws_kms_key.data_key",
            "aws_rekognition_collection.faces",
            "aws_s3_bucket.images",
            "data.archive_file.verify_zip",
            "data.aws_iam_policy_document.lambda_assume"
          ]
        }
      ]
    },
    {
      "mode": "managed",
      "type": "aws_lambda_permission",
      "name": "allow_apigw_enroll",
      "provider": "provider[\"registry.terraform.io/hashicorp/aws\"]",
      "instances": [
        {
          "schema_version": 0,
          "attributes": {
            "action": "lambda:InvokeFunction",
            "event_source_token": null,
            "function_name": "facial-recognition-secure-dev-enroll",
            "function_url_auth_type": null,
            "id": "AllowAPIGatewayInvokeEnroll",
            "principal": "apigateway.amazonaws.com",
            "principal_org_id": null,
            "qualifier": "",
            "region": "us-east-1",
            "source_account": null,
            "source_arn": "arn:aws:execute-api:us-east-1:904233132254:flc7vqnomd/*/*",
            "statement_id": "AllowAPIGatewayInvokeEnroll",
            "statement_id_prefix": ""
          },
          "sensitive_attributes": [],
          "identity_schema_version": 0,
          "identity": {
            "account_id": "904233132254",
            "function_name": "facial-recognition-secure-dev-enroll",
            "qualifier": null,
            "region": "us-east-1",
            "statement_id": "AllowAPIGatewayInvokeEnroll"
          },
          "private": "bnVsbA==",
          "dependencies": [
            "aws_api_gateway_rest_api.api",
            "aws_dynamodb_table.auth_events",
            "aws_iam_role.lambda_role",
            "aws_kms_key.data_key",
            "aws_lambda_function.enroll",
            "aws_rekognition_collection.faces",
            "aws_s3_bucket.images",
            "data.archive_file.enroll_zip",
            "data.aws_iam_policy_document.lambda_assume"
          ]
        }
      ]
    },
    {
      "mode": "managed",
      "type": "aws_lambda_permission",
      "name": "allow_apigw_presign",
      "provider": "provider[\"registry.terraform.io/hashicorp/aws\"]",
      "instances": [
        {
          "schema_version": 0,
          "attributes": {
            "action": "lambda:InvokeFunction",
            "event_source_token": null,
            "function_name": "facial-recognition-secure-dev-presign-upload",
            "function_url_auth_type": null,
            "id": "AllowAPIGatewayInvokePresign",
            "principal": "apigateway.amazonaws.com",
            "principal_org_id": null,
            "qualifier": "",
            "region": "us-east-1",
            "source_account": null,
            "source_arn": "arn:aws:execute-api:us-east-1:904233132254:flc7vqnomd/*/*",
            "statement_id": "AllowAPIGatewayInvokePresign",
            "statement_id_prefix": ""
          },
          "sensitive_attributes": [],
          "identity_schema_version": 0,
          "identity": {
            "account_id": "904233132254",
            "function_name": "facial-recognition-secure-dev-presign-upload",
            "qualifier": null,
            "region": "us-east-1",
            "statement_id": "AllowAPIGatewayInvokePresign"
          },
          "private": "bnVsbA==",
          "dependencies": [
            "aws_api_gateway_rest_api.api",
            "aws_iam_role.lambda_role",
            "aws_kms_key.data_key",
            "aws_lambda_function.presign",
            "aws_s3_bucket.images",
            "data.archive_file.presign_zip",
            "data.aws_iam_policy_document.lambda_assume"
          ]
        }
      ]
    },
    {
      "mode": "managed",
      "type": "aws_lambda_permission",
      "name": "allow_apigw_verify",
      "provider": "provider[\"registry.terraform.io/hashicorp/aws\"]",
      "instances": [
        {
          "schema_version": 0,
          "attributes": {
            "action": "lambda:InvokeFunction",
            "event_source_token": null,
            "function_name": "facial-recognition-secure-dev-verify",
            "function_url_auth_type": null,
            "id": "AllowAPIGatewayInvokeVerify",
            "principal": "apigateway.amazonaws.com",
            "principal_org_id": null,
            "qualifier": "",
            "region": "us-east-1",
            "source_account": null,
            "source_arn": "arn:aws:execute-api:us-east-1:904233132254:flc7vqnomd/*/*",
            "statement_id": "AllowAPIGatewayInvokeVerify",
            "statement_id_prefix": ""
          },
          "sensitive_attributes": [],
          "identity_schema_version": 0,
          "identity": {
            "account_id": "904233132254",
            "function_name": "facial-recognition-secure-dev-verify",
            "qualifier": null,
            "region": "us-east-1",
            "statement_id": "AllowAPIGatewayInvokeVerify"
          },
          "private": "bnVsbA==",
          "dependencies": [
            "aws_api_gateway_rest_api.api",
            "aws_dynamodb_table.auth_events",
            "aws_iam_role.lambda_role",
            "aws_kms_key.data_key",
            "aws_lambda_function.verify",
            "aws_rekognition_collection.faces",
            "aws_s3_bucket.images",
            "data.archive_file.verify_zip",
            "data.aws_iam_policy_document.lambda_assume"
          ]
        }
      ]
    },
    {
      "mode": "managed",
      "type": "aws_lambda_permission",
      "name": "allow_gate_presign",
      "provider": "provider[\"registry.terraform.io/hashicorp/aws\"]",
      "instances": [
        {
          "schema_version": 0,
          "attributes": {
            "action": "lambda:InvokeFunction",
            "event_source_token": null,
            "function_name": "facial-recognition-secure-dev-presign-upload",
            "function_url_auth_type": null,
            "id": "AllowGateInvokePresign",
            "principal": "apigateway.amazonaws.com",
            "principal_org_id": null,
            "qualifier": "",
            "region": "us-east-1",
            "source_account": null,
            "source_arn": "arn:aws:execute-api:us-east-1:904233132254:i2pyjz4fm2/*/*",
            "statement_id": "AllowGateInvokePresign",
            "statement_id_prefix": ""
          },
          "sensitive_attributes": [],
          "identity_schema_version": 0,
          "identity": {
            "account_id": "904233132254",
            "function_name": "facial-recognition-secure-dev-presign-upload",
            "qualifier": null,
            "region": "us-east-1",
            "statement_id": "AllowGateInvokePresign"
          },
          "private": "bnVsbA==",
          "dependencies": [
            "aws_api_gateway_rest_api.gate_api",
            "aws_iam_role.lambda_role",
            "aws_kms_key.data_key",
            "aws_lambda_function.presign",
            "aws_s3_bucket.images",
            "data.archive_file.presign_zip",
            "data.aws_iam_policy_document.lambda_assume"
          ]
        }
      ]
    },
    {
      "mode": "managed",
      "type": "aws_lambda_permission",
      "name": "allow_gate_verify",
      "provider": "provider[\"registry.terraform.io/hashicorp/aws\"]",
      "instances": [
        {
          "schema_version": 0,
          "attributes": {
            "action": "lambda:InvokeFunction",
            "event_source_token": null,
            "function_name": "facial-recognition-secure-dev-verify",
            "function_url_auth_type": null,
            "id": "AllowGateInvokeVerify",
            "principal": "apigateway.amazonaws.com",
            "principal_org_id": null,
            "qualifier": "",
            "region": "us-east-1",
            "source_account": null,
            "source_arn": "arn:aws:execute-api:us-east-1:904233132254:i2pyjz4fm2/*/*",
            "statement_id": "AllowGateInvokeVerify",
            "statement_id_prefix": ""
          },
          "sensitive_attributes": [],
          "identity_schema_version": 0,
          "identity": {
            "account_id": "904233132254",
            "function_name": "facial-recognition-secure-dev-verify",
            "qualifier": null,
            "region": "us-east-1",
            "statement_id": "AllowGateInvokeVerify"
          },
          "private": "bnVsbA==",
          "dependencies": [
            "aws_api_gateway_rest_api.gate_api",
            "aws_dynamodb_table.auth_events",
            "aws_iam_role.lambda_role",
            "aws_kms_key.data_key",
            "aws_lambda_function.verify",
            "aws_rekognition_collection.faces",
            "aws_s3_bucket.images",
            "data.archive_file.verify_zip",
            "data.aws_iam_policy_document.lambda_assume"
          ]
        }
      ]
    },
    {
      "mode": "managed",
      "type": "aws_rekognition_collection",
      "name": "faces",
      "provider": "provider[\"registry.terraform.io/hashicorp/aws\"]",
      "instances": [
        {
          "schema_version": 0,
          "attributes": {
            "arn": "arn:aws:rekognition:us-east-1:904233132254:collection/facial-recognition-secure-dev-faces",
            "collection_id": "facial-recognition-secure-dev-faces",
            "face_model_version": "7.0",
            "id": "facial-recognition-secure-dev-faces",
            "region": "us-east-1",
            "tags": null,
            "tags_all": {
              "Environment": "dev",
              "Owner": "ike",
              "Project": "facial-recognition-secure"
            },
            "timeouts": null
          },
          "sensitive_attributes": [],
          "identity_schema_version": 0
        }
      ]
    },
    {
      "mode": "managed",
      "type": "aws_s3_bucket",
      "name": "images",
      "provider": "provider[\"registry.terraform.io/hashicorp/aws\"]",
      "instances": [
        {
          "schema_version": 0,
          "attributes": {
            "acceleration_status": "",
            "acl": null,
            "arn": "arn:aws:s3:::facial-recogn-image-bucket",
            "bucket": "facial-recogn-image-bucket",
            "bucket_domain_name": "facial-recogn-image-bucket.s3.amazonaws.com",
            "bucket_prefix": "",
            "bucket_region": "us-east-1",
            "bucket_regional_domain_name": "facial-recogn-image-bucket.s3.us-east-1.amazonaws.com",
            "cors_rule": [
              {
                "allowed_headers": [
                  "*"
                ],
                "allowed_methods": [
                  "PUT",
                  "GET",
                  "HEAD"
                ],
                "allowed_origins": [
                  "http://localhost:3000"
                ],
                "expose_headers": [
                  "ETag",
                  "x-amz-request-id",
                  "x-amz-id-2"
                ],
                "max_age_seconds": 3000
              }
            ],
            "force_destroy": false,
            "grant": [
              {
                "id": "8cf52d47bb84b1ee413d2ab835210ac27b37e99df3faa66aa7363ddd2290fa1f",
                "permissions": [
                  "FULL_CONTROL"
                ],
                "type": "CanonicalUser",
                "uri": ""
              }
            ],
            "hosted_zone_id": "Z3AQBSTGFYJSTF",
            "id": "facial-recogn-image-bucket",
            "lifecycle_rule": [
              {
                "abort_incomplete_multipart_upload_days": 0,
                "enabled": true,
                "expiration": [
                  {
                    "date": "",
                    "days": 7,
                    "expired_object_delete_marker": false
                  }
                ],
                "id": "expire-verify-images",
                "noncurrent_version_expiration": [],
                "noncurrent_version_transition": [],
                "prefix": "verify/",
                "tags": {},
                "transition": []
              }
            ],
            "logging": [],
            "object_lock_configuration": [],
            "object_lock_enabled": false,
            "policy": "",
            "region": "us-east-1",
            "replication_configuration": [],
            "request_payer": "BucketOwner",
            "server_side_encryption_configuration": [
              {
                "rule": [
                  {
                    "apply_server_side_encryption_by_default": [
                      {
                        "kms_master_key_id": "arn:aws:kms:us-east-1:904233132254:key/e95a9f02-c11e-4f0e-ac6b-b26d6f679821",
                        "sse_algorithm": "aws:kms"
                      }
                    ],
                    "bucket_key_enabled": false
                  }
                ]
              }
            ],
            "tags": {},
            "tags_all": {
              "Environment": "dev",
              "Owner": "ike",
              "Project": "facial-recognition-secure"
            },
            "timeouts": null,
            "versioning": [
              {
                "enabled": true,
                "mfa_delete": false
              }
            ],
            "website": [],
            "website_domain": null,
            "website_endpoint": null
          },
          "sensitive_attributes": [],
          "identity_schema_version": 0,
          "identity": {
            "account_id": "904233132254",
            "bucket": "facial-recogn-image-bucket",
            "region": "us-east-1"
          },
          "private": "eyJlMmJmYjczMC1lY2FhLTExZTYtOGY4OC0zNDM2M2JjN2M0YzAiOnsiY3JlYXRlIjoxMjAwMDAwMDAwMDAwLCJkZWxldGUiOjM2MDAwMDAwMDAwMDAsInJlYWQiOjEyMDAwMDAwMDAwMDAsInVwZGF0ZSI6MTIwMDAwMDAwMDAwMH19"
        }
      ]
    },
    {
      "mode": "managed",
      "type": "aws_s3_bucket_lifecycle_configuration",
      "name": "verify_images",
      "provider": "provider[\"registry.terraform.io/hashicorp/aws\"]",
      "instances": [
        {
          "schema_version": 1,
          "attributes": {
            "bucket": "facial-recogn-image-bucket",
            "expected_bucket_owner": "",
            "id": "facial-recogn-image-bucket",
            "region": "us-east-1",
            "rule": [
              {
                "abort_incomplete_multipart_upload": [],
                "expiration": [
                  {
                    "date": null,
                    "days": 7,
                    "expired_object_delete_marker": false
                  }
                ],
                "filter": [
                  {
                    "and": [],
                    "object_size_greater_than": null,
                    "object_size_less_than": null,
                    "prefix": "verify/",
                    "tag": []
                  }
                ],
                "id": "expire-verify-images",
                "noncurrent_version_expiration": [],
                "noncurrent_version_transition": [],
                "prefix": "",
                "status": "Enabled",
                "transition": []
              }
            ],
            "timeouts": null,
            "transition_default_minimum_object_size": "all_storage_classes_128K"
          },
          "sensitive_attributes": [],
          "identity_schema_version": 0,
          "dependencies": [
            "aws_s3_bucket.images"
          ]
        }
      ]
    },
    {
      "mode": "managed",
      "type": "aws_s3_bucket_public_access_block",
      "name": "images",
      "provider": "provider[\"registry.terraform.io/hashicorp/aws\"]",
      "instances": [
        {
          "schema_version": 0,
          "attributes": {
            "block_public_acls": true,
            "block_public_policy": true,
            "bucket": "facial-recogn-image-bucket",
            "id": "facial-recogn-image-bucket",
            "ignore_public_acls": true,
            "region": "us-east-1",
            "restrict_public_buckets": true,
            "skip_destroy": null
          },
          "sensitive_attributes": [],
          "identity_schema_version": 0,
          "identity": {
            "account_id": "904233132254",
            "bucket": "facial-recogn-image-bucket",
            "region": "us-east-1"
          },
          "private": "bnVsbA==",
          "dependencies": [
            "aws_s3_bucket.images"
          ]
        }
      ]
    },
    {
      "mode": "managed",
      "type": "aws_s3_bucket_server_side_encryption_configuration",
      "name": "images",
      "provider": "provider[\"registry.terraform.io/hashicorp/aws\"]",
      "instances": [
        {
          "schema_version": 0,
          "attributes": {
            "bucket": "facial-recogn-image-bucket",
            "expected_bucket_owner": "",
            "id": "facial-recogn-image-bucket",
            "region": "us-east-1",
            "rule": [
              {
                "apply_server_side_encryption_by_default": [
                  {
                    "kms_master_key_id": "arn:aws:kms:us-east-1:904233132254:key/e95a9f02-c11e-4f0e-ac6b-b26d6f679821",
                    "sse_algorithm": "aws:kms"
                  }
                ],
                "blocked_encryption_types": [],
                "bucket_key_enabled": false
              }
            ]
          },
          "sensitive_attributes": [],
          "identity_schema_version": 0,
          "identity": {
            "account_id": "904233132254",
            "bucket": "facial-recogn-image-bucket",
            "expected_bucket_owner": null,
            "region": "us-east-1"
          },
          "private": "bnVsbA==",
          "dependencies": [
            "aws_kms_key.data_key",
            "aws_s3_bucket.images"
          ]
        }
      ]
    },
    {
      "mode": "managed",
      "type": "aws_s3_bucket_versioning",
      "name": "images",
      "provider": "provider[\"registry.terraform.io/hashicorp/aws\"]",
      "instances": [
        {
          "schema_version": 0,
          "attributes": {
            "bucket": "facial-recogn-image-bucket",
            "expected_bucket_owner": "",
            "id": "facial-recogn-image-bucket",
            "mfa": null,
            "region": "us-east-1",
            "versioning_configuration": [
              {
                "mfa_delete": "",
                "status": "Enabled"
              }
            ]
          },
          "sensitive_attributes": [],
          "identity_schema_version": 0,
          "identity": {
            "account_id": "904233132254",
            "bucket": "facial-recogn-image-bucket",
            "expected_bucket_owner": null,
            "region": "us-east-1"
          },
          "private": "bnVsbA==",
          "dependencies": [
            "aws_s3_bucket.images"
          ]
        }
      ]
    }
  ],
  "check_results": null
}
